PODS:
  - LBBlurredImage (0.2.0)
  - MFSideMenu (0.5.4)
  - SVProgressHUD (1.0)

DEPENDENCIES:
  - LBBlurredImage
  - MFSideMenu
  - SVProgressHUD

SPEC CHECKSUMS:
  LBBlurredImage: 26bacd10063a6e886de6a374f4727c3cefb22fc2
  MFSideMenu: f59e25c080097a701e108459c207fb22e1f62c30
  SVProgressHUD: 5e10939a296debf5fe5a5895eda9539b8b2114f1

COCOAPODS: 0.27.1
