// !$*UTF8*$!
{
	archiveVersion = 1;
	classes = {
	};
	objectVersion = 46;
	objects = {

/* Begin PBXBuildFile section */
		180A406A18D2091D004D33D5 /* AppCache.m in Sources */ = {isa = PBXBuildFile; fileRef = 180A406918D2091D004D33D5 /* AppCache.m */; };
		1812D9D419014F900040950F /* SortTableView.m in Sources */ = {isa = PBXBuildFile; fileRef = 1812D9D319014F900040950F /* SortTableView.m */; };
		1817C73C188CBD68003AC430 /* Foundation.framework in Frameworks */ = {isa = PBXBuildFile; fileRef = 1817C73B188CBD68003AC430 /* Foundation.framework */; };
		1817C73E188CBD68003AC430 /* CoreGraphics.framework in Frameworks */ = {isa = PBXBuildFile; fileRef = 1817C73D188CBD68003AC430 /* CoreGraphics.framework */; };
		1817C740188CBD68003AC430 /* UIKit.framework in Frameworks */ = {isa = PBXBuildFile; fileRef = 1817C73F188CBD68003AC430 /* UIKit.framework */; };
		1817C746188CBD68003AC430 /* InfoPlist.strings in Resources */ = {isa = PBXBuildFile; fileRef = 1817C744188CBD68003AC430 /* InfoPlist.strings */; };
		1817C748188CBD68003AC430 /* main.m in Sources */ = {isa = PBXBuildFile; fileRef = 1817C747188CBD68003AC430 /* main.m */; };
		1817C74C188CBD68003AC430 /* AppDelegate.m in Sources */ = {isa = PBXBuildFile; fileRef = 1817C74B188CBD68003AC430 /* AppDelegate.m */; };
		1817C755188CBD68003AC430 /* XCTest.framework in Frameworks */ = {isa = PBXBuildFile; fileRef = 1817C754188CBD68003AC430 /* XCTest.framework */; };
		1817C756188CBD68003AC430 /* Foundation.framework in Frameworks */ = {isa = PBXBuildFile; fileRef = 1817C73B188CBD68003AC430 /* Foundation.framework */; };
		1817C757188CBD68003AC430 /* UIKit.framework in Frameworks */ = {isa = PBXBuildFile; fileRef = 1817C73F188CBD68003AC430 /* UIKit.framework */; };
		1817C75F188CBD68003AC430 /* InfoPlist.strings in Resources */ = {isa = PBXBuildFile; fileRef = 1817C75D188CBD68003AC430 /* InfoPlist.strings */; };
		1817C761188CBD68003AC430 /* CitySpadeTests.m in Sources */ = {isa = PBXBuildFile; fileRef = 1817C760188CBD68003AC430 /* CitySpadeTests.m */; };
		1817C7A4188D54D1003AC430 /* CoreLocation.framework in Frameworks */ = {isa = PBXBuildFile; fileRef = 1817C7A3188D54D1003AC430 /* CoreLocation.framework */; };
		1817C7A6188D54DC003AC430 /* CoreText.framework in Frameworks */ = {isa = PBXBuildFile; fileRef = 1817C7A5188D54DC003AC430 /* CoreText.framework */; };
		1817C7AA188D54EC003AC430 /* ImageIO.framework in Frameworks */ = {isa = PBXBuildFile; fileRef = 1817C7A9188D54EC003AC430 /* ImageIO.framework */; };
		1817C7AC188D54F5003AC430 /* libc++.dylib in Frameworks */ = {isa = PBXBuildFile; fileRef = 1817C7AB188D54F5003AC430 /* libc++.dylib */; };
		1817C7AE188D54FF003AC430 /* libicucore.dylib in Frameworks */ = {isa = PBXBuildFile; fileRef = 1817C7AD188D54FF003AC430 /* libicucore.dylib */; };
		1817C7B0188D5507003AC430 /* libz.dylib in Frameworks */ = {isa = PBXBuildFile; fileRef = 1817C7AF188D5507003AC430 /* libz.dylib */; };
		1817C7B2188D550E003AC430 /* OpenGLES.framework in Frameworks */ = {isa = PBXBuildFile; fileRef = 1817C7B1188D550E003AC430 /* OpenGLES.framework */; };
		1817C7B4188D5516003AC430 /* QuartzCore.framework in Frameworks */ = {isa = PBXBuildFile; fileRef = 1817C7B3188D5516003AC430 /* QuartzCore.framework */; };
		1817C7B6188D5522003AC430 /* SystemConfiguration.framework in Frameworks */ = {isa = PBXBuildFile; fileRef = 1817C7B5188D5522003AC430 /* SystemConfiguration.framework */; };
		1817C7B8188D558C003AC430 /* CoreData.framework in Frameworks */ = {isa = PBXBuildFile; fileRef = 1817C7B7188D558C003AC430 /* CoreData.framework */; };
		182413B4188FC7560064B28F /* CTFilterViewController.m in Sources */ = {isa = PBXBuildFile; fileRef = 182413B3188FC7560064B28F /* CTFilterViewController.m */; };
		182D50B11890C05C0079A6DF /* CTListView.m in Sources */ = {isa = PBXBuildFile; fileRef = 182D50B01890C05C0079A6DF /* CTListView.m */; };
		182D50B41890D77C0079A6DF /* CTListCell.m in Sources */ = {isa = PBXBuildFile; fileRef = 182D50B31890D77C0079A6DF /* CTListCell.m */; };
		183991D118D307D600D2B07F /* AddressSavingCell.m in Sources */ = {isa = PBXBuildFile; fileRef = 183991D018D307D600D2B07F /* AddressSavingCell.m */; };
		183991D318D307EA00D2B07F /* AddressSavingCell.xib in Resources */ = {isa = PBXBuildFile; fileRef = 183991D218D307EA00D2B07F /* AddressSavingCell.xib */; };
		183991D618D308B500D2B07F /* CTSavingsViewController.m in Sources */ = {isa = PBXBuildFile; fileRef = 183991D518D308B500D2B07F /* CTSavingsViewController.m */; };
		183991D918D333D900D2B07F /* UISegmentedControl+Project.m in Sources */ = {isa = PBXBuildFile; fileRef = 183991D818D333D900D2B07F /* UISegmentedControl+Project.m */; };
		1845A2E919039D04003B764C /* NSString+RegEx.m in Sources */ = {isa = PBXBuildFile; fileRef = 1845A2E819039D04003B764C /* NSString+RegEx.m */; };
		184A2DD61904C19400A09EAB /* CitySpadeBrokerWebViewController.xib in Resources */ = {isa = PBXBuildFile; fileRef = 184A2DD51904C19400A09EAB /* CitySpadeBrokerWebViewController.xib */; };
		184B65CB18D5FF07007358BE /* CTMapViewDelegate.m in Sources */ = {isa = PBXBuildFile; fileRef = 184B65CA18D5FF07007358BE /* CTMapViewDelegate.m */; };
		186012C4189F2E00002500E6 /* REVAnnotationsCollection.m in Sources */ = {isa = PBXBuildFile; fileRef = 186012BC189F2E00002500E6 /* REVAnnotationsCollection.m */; settings = {COMPILER_FLAGS = "-fno-objc-arc"; }; };
		186012C5189F2E00002500E6 /* REVClusterBlock.m in Sources */ = {isa = PBXBuildFile; fileRef = 186012BE189F2E00002500E6 /* REVClusterBlock.m */; settings = {COMPILER_FLAGS = "-fno-objc-arc"; }; };
		186012C6189F2E00002500E6 /* REVClusterManager.m in Sources */ = {isa = PBXBuildFile; fileRef = 186012C0189F2E00002500E6 /* REVClusterManager.m */; settings = {COMPILER_FLAGS = "-fno-objc-arc"; }; };
		186012C7189F2E00002500E6 /* REVClusterMapView.m in Sources */ = {isa = PBXBuildFile; fileRef = 186012C3189F2E00002500E6 /* REVClusterMapView.m */; settings = {COMPILER_FLAGS = "-fno-objc-arc"; }; };
		186012CC189F2E1C002500E6 /* REVClusterPin.m in Sources */ = {isa = PBXBuildFile; fileRef = 186012C9189F2E1C002500E6 /* REVClusterPin.m */; settings = {COMPILER_FLAGS = "-fno-objc-arc"; }; };
		186012CD189F2E1C002500E6 /* REVClusterAnnotationView.m in Sources */ = {isa = PBXBuildFile; fileRef = 186012CB189F2E1C002500E6 /* REVClusterAnnotationView.m */; settings = {COMPILER_FLAGS = "-fno-objc-arc"; }; };
		186012D2189F2F93002500E6 /* MapKit.framework in Frameworks */ = {isa = PBXBuildFile; fileRef = 186012D1189F2F93002500E6 /* MapKit.framework */; };
		186012D5189F3BEC002500E6 /* MapBottomBar.m in Sources */ = {isa = PBXBuildFile; fileRef = 186012D4189F3BEC002500E6 /* MapBottomBar.m */; };
		1861FC6B18D6A32F0059FA4F /* MainTableViewDelegate.m in Sources */ = {isa = PBXBuildFile; fileRef = 1861FC6A18D6A32F0059FA4F /* MainTableViewDelegate.m */; };
		1863226918FCD7FD00A1851A /* CitySpadeListsModel.m in Sources */ = {isa = PBXBuildFile; fileRef = 1863226818FCD7FD00A1851A /* CitySpadeListsModel.m */; };
		1863229618FCDFAD00A1851A /* Images.xcassets in Resources */ = {isa = PBXBuildFile; fileRef = 1863229518FCDFAD00A1851A /* Images.xcassets */; };
		18645EF918A88C5E009CF97F /* SwitchButton.m in Sources */ = {isa = PBXBuildFile; fileRef = 18645EF818A88C5E009CF97F /* SwitchButton.m */; };
		187204A718AE65D600C90B31 /* ANPopoverView.m in Sources */ = {isa = PBXBuildFile; fileRef = 187204A618AE65D600C90B31 /* ANPopoverView.m */; };
		188054E018B4786F00DE5A9C /* KeyValueObserver.m in Sources */ = {isa = PBXBuildFile; fileRef = 188054DF18B4786F00DE5A9C /* KeyValueObserver.m */; };
		188054ED18B48CB800DE5A9C /* Images.m in Sources */ = {isa = PBXBuildFile; fileRef = 188054EA18B48CB800DE5A9C /* Images.m */; };
		188054EE18B48CB800DE5A9C /* Listing.m in Sources */ = {isa = PBXBuildFile; fileRef = 188054EC18B48CB800DE5A9C /* Listing.m */; };
		18858C0018AE162400F49974 /* NMRangeSlider.m in Sources */ = {isa = PBXBuildFile; fileRef = 18858BFF18AE162400F49974 /* NMRangeSlider.m */; };
		188F6CFB188E5E8600EAEEFD /* CTLeftSideMenuViewController.m in Sources */ = {isa = PBXBuildFile; fileRef = 188F6CFA188E5E8600EAEEFD /* CTLeftSideMenuViewController.m */; };
		188F6CFE188E85D900EAEEFD /* CTMapViewController.m in Sources */ = {isa = PBXBuildFile; fileRef = 188F6CFC188E85D900EAEEFD /* CTMapViewController.m */; };
		1893061618A4BE7F00EA285E /* CTCollectionCell.m in Sources */ = {isa = PBXBuildFile; fileRef = 1893061518A4BE7F00EA285E /* CTCollectionCell.m */; };
		1893061D18A77E3900EA285E /* AppearanceSetter.m in Sources */ = {isa = PBXBuildFile; fileRef = 1893061C18A77E3900EA285E /* AppearanceSetter.m */; };
		189763C71890FD9C006374E0 /* CTDetailViewController.m in Sources */ = {isa = PBXBuildFile; fileRef = 189763C61890FD9C006374E0 /* CTDetailViewController.m */; };
		189763CA1890FE6E006374E0 /* CTDetailView.m in Sources */ = {isa = PBXBuildFile; fileRef = 189763C91890FE6E006374E0 /* CTDetailView.m */; };
		189D5FA018CFFF9F00EE8EC9 /* CTDetailsViewController.m in Sources */ = {isa = PBXBuildFile; fileRef = 189D5F9E18CFFF9F00EE8EC9 /* CTDetailsViewController.m */; };
		189D5FA118CFFF9F00EE8EC9 /* CTDetailsViewController.xib in Resources */ = {isa = PBXBuildFile; fileRef = 189D5F9F18CFFF9F00EE8EC9 /* CTDetailsViewController.xib */; };
		18A086F319042344007CDC1B /* AsynImageView.m in Sources */ = {isa = PBXBuildFile; fileRef = 18A086F219042344007CDC1B /* AsynImageView.m */; };
		18A0FA3319024BD70067A438 /* CitySpadeBasicFactsCell.m in Sources */ = {isa = PBXBuildFile; fileRef = 18A0FA0619024BD70067A438 /* CitySpadeBasicFactsCell.m */; };
		18A0FA3419024BD70067A438 /* CitySpadeBasicFactsCell.xib in Resources */ = {isa = PBXBuildFile; fileRef = 18A0FA0719024BD70067A438 /* CitySpadeBasicFactsCell.xib */; };
		18A0FA3519024BD70067A438 /* CitySpadeBrokerInfoCell.m in Sources */ = {isa = PBXBuildFile; fileRef = 18A0FA0919024BD70067A438 /* CitySpadeBrokerInfoCell.m */; };
		18A0FA3619024BD70067A438 /* CitySpadeBrokerInfoCell.xib in Resources */ = {isa = PBXBuildFile; fileRef = 18A0FA0A19024BD70067A438 /* CitySpadeBrokerInfoCell.xib */; };
		18A0FA3719024BD70067A438 /* CitySpadeBrokerWebViewController.m in Sources */ = {isa = PBXBuildFile; fileRef = 18A0FA0C19024BD70067A438 /* CitySpadeBrokerWebViewController.m */; };
		18A0FA3919024BD70067A438 /* CitySpadeCell.m in Sources */ = {isa = PBXBuildFile; fileRef = 18A0FA0F19024BD70067A438 /* CitySpadeCell.m */; };
		18A0FA3A19024BD70067A438 /* CitySpadeNearbyCell.m in Sources */ = {isa = PBXBuildFile; fileRef = 18A0FA1119024BD70067A438 /* CitySpadeNearbyCell.m */; };
		18A0FA3B19024BD70067A438 /* CitySpadeTransportationInfoCell.m in Sources */ = {isa = PBXBuildFile; fileRef = 18A0FA1319024BD70067A438 /* CitySpadeTransportationInfoCell.m */; };
		18A0FA3C19024BD70067A438 /* CitySpadeTransportationInfoCell.xib in Resources */ = {isa = PBXBuildFile; fileRef = 18A0FA1419024BD70067A438 /* CitySpadeTransportationInfoCell.xib */; };
		18A0FA3D19024BD70067A438 /* TransportationBuslinesCell.m in Sources */ = {isa = PBXBuildFile; fileRef = 18A0FA1619024BD70067A438 /* TransportationBuslinesCell.m */; };
		18A0FA3E19024BD70067A438 /* TransportationHottestSpotsCell.xib in Resources */ = {isa = PBXBuildFile; fileRef = 18A0FA1719024BD70067A438 /* TransportationHottestSpotsCell.xib */; };
		18A0FA3F19024BD70067A438 /* TransportationListCell.m in Sources */ = {isa = PBXBuildFile; fileRef = 18A0FA1919024BD70067A438 /* TransportationListCell.m */; };
		18A0FA4019024BD70067A438 /* TransportationSubwayCell.m in Sources */ = {isa = PBXBuildFile; fileRef = 18A0FA1B19024BD70067A438 /* TransportationSubwayCell.m */; };
		18A0FA4119024BD70067A438 /* TransportationSubwayCell.xib in Resources */ = {isa = PBXBuildFile; fileRef = 18A0FA1C19024BD70067A438 /* TransportationSubwayCell.xib */; };
		18A0FA4219024BD70067A438 /* CitySpadeDemoViewController.m in Sources */ = {isa = PBXBuildFile; fileRef = 18A0FA1E19024BD70067A438 /* CitySpadeDemoViewController.m */; };
		18A0FA4419024BD70067A438 /* BaseClass.m in Sources */ = {isa = PBXBuildFile; fileRef = 18A0FA2219024BD70067A438 /* BaseClass.m */; };
		18A0FA4519024BD70067A438 /* BusLines.m in Sources */ = {isa = PBXBuildFile; fileRef = 18A0FA2419024BD70067A438 /* BusLines.m */; };
		18A0FA4619024BD70067A438 /* CitySpadeModelManager.m in Sources */ = {isa = PBXBuildFile; fileRef = 18A0FA2619024BD70067A438 /* CitySpadeModelManager.m */; };
		18A0FA4719024BD70067A438 /* CitySpadeTransportationItem.m in Sources */ = {isa = PBXBuildFile; fileRef = 18A0FA2819024BD70067A438 /* CitySpadeTransportationItem.m */; };
		18A0FA4819024BD70067A438 /* Colleges.m in Sources */ = {isa = PBXBuildFile; fileRef = 18A0FA2A19024BD70067A438 /* Colleges.m */; };
		18A0FA4919024BD70067A438 /* HottestSpots.m in Sources */ = {isa = PBXBuildFile; fileRef = 18A0FA2D19024BD70067A438 /* HottestSpots.m */; };
		18A0FA4A19024BD70067A438 /* SubwayLines.m in Sources */ = {isa = PBXBuildFile; fileRef = 18A0FA2F19024BD70067A438 /* SubwayLines.m */; };
		18A0FA4B19024BD70067A438 /* CitySpadeRequestHandler.m in Sources */ = {isa = PBXBuildFile; fileRef = 18A0FA3219024BD70067A438 /* CitySpadeRequestHandler.m */; };
		18A4F0FA18CADF7A00CFB2BC /* CFNetwork.framework in Frameworks */ = {isa = PBXBuildFile; fileRef = 18A4F0F918CADF7A00CFB2BC /* CFNetwork.framework */; };
		18A4F0FC18CAFB8900CFB2BC /* AVFoundation.framework in Frameworks */ = {isa = PBXBuildFile; fileRef = 1817C7A1188D54C0003AC430 /* AVFoundation.framework */; };
		18BB01BA19095EDB00E63A0C /* MKMapView+Blocks.m in Sources */ = {isa = PBXBuildFile; fileRef = 18BB01B719095EDB00E63A0C /* MKMapView+Blocks.m */; };
		18BB01BB19095EDB00E63A0C /* BlockCache.m in Sources */ = {isa = PBXBuildFile; fileRef = 18BB01B919095EDB00E63A0C /* BlockCache.m */; };
		18C09FA2190CD27A0064D12E /* BlockStates.m in Sources */ = {isa = PBXBuildFile; fileRef = 18C09FA1190CD27A0064D12E /* BlockStates.m */; };
		18D052B018B8F9A000D548FD /* CTLoginViewController.m in Sources */ = {isa = PBXBuildFile; fileRef = 18D052AE18B8F9A000D548FD /* CTLoginViewController.m */; };
		18D052B118B8F9A000D548FD /* CTLoginViewController.xib in Resources */ = {isa = PBXBuildFile; fileRef = 18D052AF18B8F9A000D548FD /* CTLoginViewController.xib */; };
		18E58B4118ACE0BD00E38583 /* UIBarButtonItem+ProjectButton.m in Sources */ = {isa = PBXBuildFile; fileRef = 18E58B4018ACE0BD00E38583 /* UIBarButtonItem+ProjectButton.m */; };
		18F1EA6618C070F500182A87 /* MapCollectionCell.m in Sources */ = {isa = PBXBuildFile; fileRef = 18F1EA6518C070F500182A87 /* MapCollectionCell.m */; };
		18F1EA6818C0710D00182A87 /* MapCollectionCell.xib in Resources */ = {isa = PBXBuildFile; fileRef = 18F1EA6718C0710D00182A87 /* MapCollectionCell.xib */; };
		18F3477318BB43A0006EF9A7 /* CTRegisterViewController.m in Sources */ = {isa = PBXBuildFile; fileRef = 18F3477118BB43A0006EF9A7 /* CTRegisterViewController.m */; };
		18F3477418BB43A0006EF9A7 /* CTRegisterViewController.xib in Resources */ = {isa = PBXBuildFile; fileRef = 18F3477218BB43A0006EF9A7 /* CTRegisterViewController.xib */; };
		18F3477618BC3ED8006EF9A7 /* FacebookSDK.framework in Frameworks */ = {isa = PBXBuildFile; fileRef = 18F3477518BC3ED8006EF9A7 /* FacebookSDK.framework */; };
		18F3477A18BC4A71006EF9A7 /* FacebookDelegate.m in Sources */ = {isa = PBXBuildFile; fileRef = 18F3477918BC4A71006EF9A7 /* FacebookDelegate.m */; };
		18F3478618BC7263006EF9A7 /* RESTfulEngine.m in Sources */ = {isa = PBXBuildFile; fileRef = 18F3478518BC7263006EF9A7 /* RESTfulEngine.m */; };
		18F3478918BC7280006EF9A7 /* NSString+Encryption.m in Sources */ = {isa = PBXBuildFile; fileRef = 18F3478818BC7280006EF9A7 /* NSString+Encryption.m */; };
		18FD0C0218B1C842000DBE87 /* BedSegment.m in Sources */ = {isa = PBXBuildFile; fileRef = 18FD0C0118B1C842000DBE87 /* BedSegment.m */; };
		42052F121902741D00BBFE8E /* SwitchSegment.m in Sources */ = {isa = PBXBuildFile; fileRef = 42052F111902741D00BBFE8E /* SwitchSegment.m */; };
		AC16CF5F06F34B96BE3F59D4 /* libPods.a in Frameworks */ = {isa = PBXBuildFile; fileRef = 5C0D91A01D3846B28B06996B /* libPods.a */; };
/* End PBXBuildFile section */

/* Begin PBXContainerItemProxy section */
		1817C758188CBD68003AC430 /* PBXContainerItemProxy */ = {
			isa = PBXContainerItemProxy;
			containerPortal = 1817C730188CBD68003AC430 /* Project object */;
			proxyType = 1;
			remoteGlobalIDString = 1817C737188CBD68003AC430;
			remoteInfo = CitySpade;
		};
/* End PBXContainerItemProxy section */

/* Begin PBXFileReference section */
		180A406818D2091D004D33D5 /* AppCache.h */ = {isa = PBXFileReference; fileEncoding = 4; lastKnownFileType = sourcecode.c.h; name = AppCache.h; path = Cache/AppCache.h; sourceTree = "<group>"; };
		180A406918D2091D004D33D5 /* AppCache.m */ = {isa = PBXFileReference; fileEncoding = 4; lastKnownFileType = sourcecode.c.objc; name = AppCache.m; path = Cache/AppCache.m; sourceTree = "<group>"; };
		1812D9D219014F900040950F /* SortTableView.h */ = {isa = PBXFileReference; fileEncoding = 4; lastKnownFileType = sourcecode.c.h; path = SortTableView.h; sourceTree = "<group>"; };
		1812D9D319014F900040950F /* SortTableView.m */ = {isa = PBXFileReference; fileEncoding = 4; lastKnownFileType = sourcecode.c.objc; path = SortTableView.m; sourceTree = "<group>"; };
		1817C738188CBD68003AC430 /* CitySpade.app */ = {isa = PBXFileReference; explicitFileType = wrapper.application; includeInIndex = 0; path = CitySpade.app; sourceTree = BUILT_PRODUCTS_DIR; };
		1817C73B188CBD68003AC430 /* Foundation.framework */ = {isa = PBXFileReference; lastKnownFileType = wrapper.framework; name = Foundation.framework; path = System/Library/Frameworks/Foundation.framework; sourceTree = SDKROOT; };
		1817C73D188CBD68003AC430 /* CoreGraphics.framework */ = {isa = PBXFileReference; lastKnownFileType = wrapper.framework; name = CoreGraphics.framework; path = System/Library/Frameworks/CoreGraphics.framework; sourceTree = SDKROOT; };
		1817C73F188CBD68003AC430 /* UIKit.framework */ = {isa = PBXFileReference; lastKnownFileType = wrapper.framework; name = UIKit.framework; path = System/Library/Frameworks/UIKit.framework; sourceTree = SDKROOT; };
		1817C743188CBD68003AC430 /* CitySpade-Info.plist */ = {isa = PBXFileReference; lastKnownFileType = text.plist.xml; path = "CitySpade-Info.plist"; sourceTree = "<group>"; };
		1817C745188CBD68003AC430 /* en */ = {isa = PBXFileReference; lastKnownFileType = text.plist.strings; name = en; path = en.lproj/InfoPlist.strings; sourceTree = "<group>"; };
		1817C747188CBD68003AC430 /* main.m */ = {isa = PBXFileReference; lastKnownFileType = sourcecode.c.objc; path = main.m; sourceTree = "<group>"; };
		1817C749188CBD68003AC430 /* CitySpade-Prefix.pch */ = {isa = PBXFileReference; lastKnownFileType = sourcecode.c.h; path = "CitySpade-Prefix.pch"; sourceTree = "<group>"; };
		1817C74A188CBD68003AC430 /* AppDelegate.h */ = {isa = PBXFileReference; lastKnownFileType = sourcecode.c.h; path = AppDelegate.h; sourceTree = "<group>"; };
		1817C74B188CBD68003AC430 /* AppDelegate.m */ = {isa = PBXFileReference; lastKnownFileType = sourcecode.c.objc; path = AppDelegate.m; sourceTree = "<group>"; };
		1817C753188CBD68003AC430 /* CitySpadeTests.xctest */ = {isa = PBXFileReference; explicitFileType = wrapper.cfbundle; includeInIndex = 0; path = CitySpadeTests.xctest; sourceTree = BUILT_PRODUCTS_DIR; };
		1817C754188CBD68003AC430 /* XCTest.framework */ = {isa = PBXFileReference; lastKnownFileType = wrapper.framework; name = XCTest.framework; path = Library/Frameworks/XCTest.framework; sourceTree = DEVELOPER_DIR; };
		1817C75C188CBD68003AC430 /* CitySpadeTests-Info.plist */ = {isa = PBXFileReference; lastKnownFileType = text.plist.xml; path = "CitySpadeTests-Info.plist"; sourceTree = "<group>"; };
		1817C75E188CBD68003AC430 /* en */ = {isa = PBXFileReference; lastKnownFileType = text.plist.strings; name = en; path = en.lproj/InfoPlist.strings; sourceTree = "<group>"; };
		1817C760188CBD68003AC430 /* CitySpadeTests.m */ = {isa = PBXFileReference; lastKnownFileType = sourcecode.c.objc; path = CitySpadeTests.m; sourceTree = "<group>"; };
		1817C7A1188D54C0003AC430 /* AVFoundation.framework */ = {isa = PBXFileReference; lastKnownFileType = wrapper.framework; name = AVFoundation.framework; path = System/Library/Frameworks/AVFoundation.framework; sourceTree = SDKROOT; };
		1817C7A3188D54D1003AC430 /* CoreLocation.framework */ = {isa = PBXFileReference; lastKnownFileType = wrapper.framework; name = CoreLocation.framework; path = System/Library/Frameworks/CoreLocation.framework; sourceTree = SDKROOT; };
		1817C7A5188D54DC003AC430 /* CoreText.framework */ = {isa = PBXFileReference; lastKnownFileType = wrapper.framework; name = CoreText.framework; path = System/Library/Frameworks/CoreText.framework; sourceTree = SDKROOT; };
		1817C7A7188D54E4003AC430 /* GLKit.framework */ = {isa = PBXFileReference; lastKnownFileType = wrapper.framework; name = GLKit.framework; path = System/Library/Frameworks/GLKit.framework; sourceTree = SDKROOT; };
		1817C7A9188D54EC003AC430 /* ImageIO.framework */ = {isa = PBXFileReference; lastKnownFileType = wrapper.framework; name = ImageIO.framework; path = System/Library/Frameworks/ImageIO.framework; sourceTree = SDKROOT; };
		1817C7AB188D54F5003AC430 /* libc++.dylib */ = {isa = PBXFileReference; lastKnownFileType = "compiled.mach-o.dylib"; name = "libc++.dylib"; path = "usr/lib/libc++.dylib"; sourceTree = SDKROOT; };
		1817C7AD188D54FF003AC430 /* libicucore.dylib */ = {isa = PBXFileReference; lastKnownFileType = "compiled.mach-o.dylib"; name = libicucore.dylib; path = usr/lib/libicucore.dylib; sourceTree = SDKROOT; };
		1817C7AF188D5507003AC430 /* libz.dylib */ = {isa = PBXFileReference; lastKnownFileType = "compiled.mach-o.dylib"; name = libz.dylib; path = usr/lib/libz.dylib; sourceTree = SDKROOT; };
		1817C7B1188D550E003AC430 /* OpenGLES.framework */ = {isa = PBXFileReference; lastKnownFileType = wrapper.framework; name = OpenGLES.framework; path = System/Library/Frameworks/OpenGLES.framework; sourceTree = SDKROOT; };
		1817C7B3188D5516003AC430 /* QuartzCore.framework */ = {isa = PBXFileReference; lastKnownFileType = wrapper.framework; name = QuartzCore.framework; path = System/Library/Frameworks/QuartzCore.framework; sourceTree = SDKROOT; };
		1817C7B5188D5522003AC430 /* SystemConfiguration.framework */ = {isa = PBXFileReference; lastKnownFileType = wrapper.framework; name = SystemConfiguration.framework; path = System/Library/Frameworks/SystemConfiguration.framework; sourceTree = SDKROOT; };
		1817C7B7188D558C003AC430 /* CoreData.framework */ = {isa = PBXFileReference; lastKnownFileType = wrapper.framework; name = CoreData.framework; path = System/Library/Frameworks/CoreData.framework; sourceTree = SDKROOT; };
		182413B2188FC7560064B28F /* CTFilterViewController.h */ = {isa = PBXFileReference; fileEncoding = 4; lastKnownFileType = sourcecode.c.h; name = CTFilterViewController.h; path = ViewControllers/CTFilterViewController.h; sourceTree = "<group>"; };
		182413B3188FC7560064B28F /* CTFilterViewController.m */ = {isa = PBXFileReference; fileEncoding = 4; lastKnownFileType = sourcecode.c.objc; name = CTFilterViewController.m; path = ViewControllers/CTFilterViewController.m; sourceTree = "<group>"; };
		182D50AF1890C05C0079A6DF /* CTListView.h */ = {isa = PBXFileReference; fileEncoding = 4; lastKnownFileType = sourcecode.c.h; name = CTListView.h; path = Views/CTListView.h; sourceTree = "<group>"; };
		182D50B01890C05C0079A6DF /* CTListView.m */ = {isa = PBXFileReference; fileEncoding = 4; lastKnownFileType = sourcecode.c.objc; name = CTListView.m; path = Views/CTListView.m; sourceTree = "<group>"; };
		182D50B21890D77C0079A6DF /* CTListCell.h */ = {isa = PBXFileReference; fileEncoding = 4; lastKnownFileType = sourcecode.c.h; name = CTListCell.h; path = Cells/CTListCell.h; sourceTree = "<group>"; };
		182D50B31890D77C0079A6DF /* CTListCell.m */ = {isa = PBXFileReference; fileEncoding = 4; lastKnownFileType = sourcecode.c.objc; name = CTListCell.m; path = Cells/CTListCell.m; sourceTree = "<group>"; };
		183991CF18D307D600D2B07F /* AddressSavingCell.h */ = {isa = PBXFileReference; fileEncoding = 4; lastKnownFileType = sourcecode.c.h; name = AddressSavingCell.h; path = Cells/AddressSavingCell.h; sourceTree = "<group>"; };
		183991D018D307D600D2B07F /* AddressSavingCell.m */ = {isa = PBXFileReference; fileEncoding = 4; lastKnownFileType = sourcecode.c.objc; name = AddressSavingCell.m; path = Cells/AddressSavingCell.m; sourceTree = "<group>"; };
		183991D218D307EA00D2B07F /* AddressSavingCell.xib */ = {isa = PBXFileReference; fileEncoding = 4; lastKnownFileType = file.xib; path = AddressSavingCell.xib; sourceTree = "<group>"; };
		183991D418D308B500D2B07F /* CTSavingsViewController.h */ = {isa = PBXFileReference; fileEncoding = 4; lastKnownFileType = sourcecode.c.h; name = CTSavingsViewController.h; path = ViewControllers/CTSavingsViewController.h; sourceTree = "<group>"; };
		183991D518D308B500D2B07F /* CTSavingsViewController.m */ = {isa = PBXFileReference; fileEncoding = 4; lastKnownFileType = sourcecode.c.objc; name = CTSavingsViewController.m; path = ViewControllers/CTSavingsViewController.m; sourceTree = "<group>"; };
		183991D718D333D900D2B07F /* UISegmentedControl+Project.h */ = {isa = PBXFileReference; fileEncoding = 4; lastKnownFileType = sourcecode.c.h; path = "UISegmentedControl+Project.h"; sourceTree = "<group>"; };
		183991D818D333D900D2B07F /* UISegmentedControl+Project.m */ = {isa = PBXFileReference; fileEncoding = 4; lastKnownFileType = sourcecode.c.objc; path = "UISegmentedControl+Project.m"; sourceTree = "<group>"; };
		1845A2E719039D04003B764C /* NSString+RegEx.h */ = {isa = PBXFileReference; fileEncoding = 4; lastKnownFileType = sourcecode.c.h; path = "NSString+RegEx.h"; sourceTree = "<group>"; };
		1845A2E819039D04003B764C /* NSString+RegEx.m */ = {isa = PBXFileReference; fileEncoding = 4; lastKnownFileType = sourcecode.c.objc; path = "NSString+RegEx.m"; sourceTree = "<group>"; };
		184A2DD51904C19400A09EAB /* CitySpadeBrokerWebViewController.xib */ = {isa = PBXFileReference; fileEncoding = 4; lastKnownFileType = file.xib; path = CitySpadeBrokerWebViewController.xib; sourceTree = "<group>"; };
		184B65C918D5FF07007358BE /* CTMapViewDelegate.h */ = {isa = PBXFileReference; fileEncoding = 4; lastKnownFileType = sourcecode.c.h; path = CTMapViewDelegate.h; sourceTree = "<group>"; };
		184B65CA18D5FF07007358BE /* CTMapViewDelegate.m */ = {isa = PBXFileReference; fileEncoding = 4; lastKnownFileType = sourcecode.c.objc; path = CTMapViewDelegate.m; sourceTree = "<group>"; };
		186012BB189F2E00002500E6 /* REVAnnotationsCollection.h */ = {isa = PBXFileReference; fileEncoding = 4; lastKnownFileType = sourcecode.c.h; path = REVAnnotationsCollection.h; sourceTree = "<group>"; };
		186012BC189F2E00002500E6 /* REVAnnotationsCollection.m */ = {isa = PBXFileReference; fileEncoding = 4; lastKnownFileType = sourcecode.c.objc; path = REVAnnotationsCollection.m; sourceTree = "<group>"; };
		186012BD189F2E00002500E6 /* REVClusterBlock.h */ = {isa = PBXFileReference; fileEncoding = 4; lastKnownFileType = sourcecode.c.h; path = REVClusterBlock.h; sourceTree = "<group>"; };
		186012BE189F2E00002500E6 /* REVClusterBlock.m */ = {isa = PBXFileReference; fileEncoding = 4; lastKnownFileType = sourcecode.c.objc; path = REVClusterBlock.m; sourceTree = "<group>"; };
		186012BF189F2E00002500E6 /* REVClusterManager.h */ = {isa = PBXFileReference; fileEncoding = 4; lastKnownFileType = sourcecode.c.h; path = REVClusterManager.h; sourceTree = "<group>"; };
		186012C0189F2E00002500E6 /* REVClusterManager.m */ = {isa = PBXFileReference; fileEncoding = 4; lastKnownFileType = sourcecode.c.objc; path = REVClusterManager.m; sourceTree = "<group>"; };
		186012C1189F2E00002500E6 /* REVClusterMap.h */ = {isa = PBXFileReference; fileEncoding = 4; lastKnownFileType = sourcecode.c.h; path = REVClusterMap.h; sourceTree = "<group>"; };
		186012C2189F2E00002500E6 /* REVClusterMapView.h */ = {isa = PBXFileReference; fileEncoding = 4; lastKnownFileType = sourcecode.c.h; path = REVClusterMapView.h; sourceTree = "<group>"; };
		186012C3189F2E00002500E6 /* REVClusterMapView.m */ = {isa = PBXFileReference; fileEncoding = 4; lastKnownFileType = sourcecode.c.objc; path = REVClusterMapView.m; sourceTree = "<group>"; };
		186012C8189F2E1C002500E6 /* REVClusterPin.h */ = {isa = PBXFileReference; fileEncoding = 4; lastKnownFileType = sourcecode.c.h; path = REVClusterPin.h; sourceTree = "<group>"; };
		186012C9189F2E1C002500E6 /* REVClusterPin.m */ = {isa = PBXFileReference; fileEncoding = 4; lastKnownFileType = sourcecode.c.objc; path = REVClusterPin.m; sourceTree = "<group>"; };
		186012CA189F2E1C002500E6 /* REVClusterAnnotationView.h */ = {isa = PBXFileReference; fileEncoding = 4; lastKnownFileType = sourcecode.c.h; path = REVClusterAnnotationView.h; sourceTree = "<group>"; };
		186012CB189F2E1C002500E6 /* REVClusterAnnotationView.m */ = {isa = PBXFileReference; fileEncoding = 4; lastKnownFileType = sourcecode.c.objc; path = REVClusterAnnotationView.m; sourceTree = "<group>"; };
		186012D1189F2F93002500E6 /* MapKit.framework */ = {isa = PBXFileReference; lastKnownFileType = wrapper.framework; name = MapKit.framework; path = System/Library/Frameworks/MapKit.framework; sourceTree = SDKROOT; };
		186012D3189F3BEC002500E6 /* MapBottomBar.h */ = {isa = PBXFileReference; fileEncoding = 4; lastKnownFileType = sourcecode.c.h; name = MapBottomBar.h; path = Views/MapBottomBar.h; sourceTree = "<group>"; };
		186012D4189F3BEC002500E6 /* MapBottomBar.m */ = {isa = PBXFileReference; fileEncoding = 4; lastKnownFileType = sourcecode.c.objc; name = MapBottomBar.m; path = Views/MapBottomBar.m; sourceTree = "<group>"; };
		1861FC6918D6A32F0059FA4F /* MainTableViewDelegate.h */ = {isa = PBXFileReference; fileEncoding = 4; lastKnownFileType = sourcecode.c.h; name = MainTableViewDelegate.h; path = Delegate/MainTableViewDelegate.h; sourceTree = "<group>"; };
		1861FC6A18D6A32F0059FA4F /* MainTableViewDelegate.m */ = {isa = PBXFileReference; fileEncoding = 4; lastKnownFileType = sourcecode.c.objc; name = MainTableViewDelegate.m; path = Delegate/MainTableViewDelegate.m; sourceTree = "<group>"; };
		1863226718FCD7FD00A1851A /* CitySpadeListsModel.h */ = {isa = PBXFileReference; fileEncoding = 4; lastKnownFileType = sourcecode.c.h; path = CitySpadeListsModel.h; sourceTree = "<group>"; };
		1863226818FCD7FD00A1851A /* CitySpadeListsModel.m */ = {isa = PBXFileReference; fileEncoding = 4; lastKnownFileType = sourcecode.c.objc; path = CitySpadeListsModel.m; sourceTree = "<group>"; };
		1863229518FCDFAD00A1851A /* Images.xcassets */ = {isa = PBXFileReference; lastKnownFileType = folder.assetcatalog; path = Images.xcassets; sourceTree = "<group>"; };
		18645EF718A88C5E009CF97F /* SwitchButton.h */ = {isa = PBXFileReference; fileEncoding = 4; lastKnownFileType = sourcecode.c.h; name = SwitchButton.h; path = UI/SwitchButton.h; sourceTree = "<group>"; };
		18645EF818A88C5E009CF97F /* SwitchButton.m */ = {isa = PBXFileReference; fileEncoding = 4; lastKnownFileType = sourcecode.c.objc; name = SwitchButton.m; path = UI/SwitchButton.m; sourceTree = "<group>"; };
		187204A518AE65D600C90B31 /* ANPopoverView.h */ = {isa = PBXFileReference; fileEncoding = 4; lastKnownFileType = sourcecode.c.h; path = ANPopoverView.h; sourceTree = "<group>"; };
		187204A618AE65D600C90B31 /* ANPopoverView.m */ = {isa = PBXFileReference; fileEncoding = 4; lastKnownFileType = sourcecode.c.objc; path = ANPopoverView.m; sourceTree = "<group>"; };
		188054DE18B4786F00DE5A9C /* KeyValueObserver.h */ = {isa = PBXFileReference; fileEncoding = 4; lastKnownFileType = sourcecode.c.h; path = KeyValueObserver.h; sourceTree = "<group>"; };
		188054DF18B4786F00DE5A9C /* KeyValueObserver.m */ = {isa = PBXFileReference; fileEncoding = 4; lastKnownFileType = sourcecode.c.objc; path = KeyValueObserver.m; sourceTree = "<group>"; };
		188054E818B48CB800DE5A9C /* DataModels.h */ = {isa = PBXFileReference; fileEncoding = 4; lastKnownFileType = sourcecode.c.h; name = DataModels.h; path = "JSON-Models/DataModels.h"; sourceTree = "<group>"; };
		188054E918B48CB800DE5A9C /* Images.h */ = {isa = PBXFileReference; fileEncoding = 4; lastKnownFileType = sourcecode.c.h; path = Images.h; sourceTree = "<group>"; };
		188054EA18B48CB800DE5A9C /* Images.m */ = {isa = PBXFileReference; fileEncoding = 4; lastKnownFileType = sourcecode.c.objc; path = Images.m; sourceTree = "<group>"; };
		188054EB18B48CB800DE5A9C /* Listing.h */ = {isa = PBXFileReference; fileEncoding = 4; lastKnownFileType = sourcecode.c.h; path = Listing.h; sourceTree = "<group>"; };
		188054EC18B48CB800DE5A9C /* Listing.m */ = {isa = PBXFileReference; fileEncoding = 4; lastKnownFileType = sourcecode.c.objc; path = Listing.m; sourceTree = "<group>"; };
		18858BFE18AE162400F49974 /* NMRangeSlider.h */ = {isa = PBXFileReference; fileEncoding = 4; lastKnownFileType = sourcecode.c.h; path = NMRangeSlider.h; sourceTree = "<group>"; };
		18858BFF18AE162400F49974 /* NMRangeSlider.m */ = {isa = PBXFileReference; fileEncoding = 4; lastKnownFileType = sourcecode.c.objc; path = NMRangeSlider.m; sourceTree = "<group>"; };
		188F6CF9188E5E8600EAEEFD /* CTLeftSideMenuViewController.h */ = {isa = PBXFileReference; fileEncoding = 4; lastKnownFileType = sourcecode.c.h; name = CTLeftSideMenuViewController.h; path = ViewControllers/CTLeftSideMenuViewController.h; sourceTree = "<group>"; };
		188F6CFA188E5E8600EAEEFD /* CTLeftSideMenuViewController.m */ = {isa = PBXFileReference; fileEncoding = 4; lastKnownFileType = sourcecode.c.objc; name = CTLeftSideMenuViewController.m; path = ViewControllers/CTLeftSideMenuViewController.m; sourceTree = "<group>"; };
		188F6CFC188E85D900EAEEFD /* CTMapViewController.m */ = {isa = PBXFileReference; fileEncoding = 4; lastKnownFileType = sourcecode.c.objc; path = CTMapViewController.m; sourceTree = "<group>"; };
		188F6CFD188E85D900EAEEFD /* CTMapViewController.h */ = {isa = PBXFileReference; fileEncoding = 4; lastKnownFileType = sourcecode.c.h; path = CTMapViewController.h; sourceTree = "<group>"; };
		1893061418A4BE7F00EA285E /* CTCollectionCell.h */ = {isa = PBXFileReference; fileEncoding = 4; lastKnownFileType = sourcecode.c.h; name = CTCollectionCell.h; path = Cells/CTCollectionCell.h; sourceTree = "<group>"; };
		1893061518A4BE7F00EA285E /* CTCollectionCell.m */ = {isa = PBXFileReference; fileEncoding = 4; lastKnownFileType = sourcecode.c.objc; name = CTCollectionCell.m; path = Cells/CTCollectionCell.m; sourceTree = "<group>"; };
		1893061B18A77E3900EA285E /* AppearanceSetter.h */ = {isa = PBXFileReference; fileEncoding = 4; lastKnownFileType = sourcecode.c.h; path = AppearanceSetter.h; sourceTree = "<group>"; };
		1893061C18A77E3900EA285E /* AppearanceSetter.m */ = {isa = PBXFileReference; fileEncoding = 4; lastKnownFileType = sourcecode.c.objc; path = AppearanceSetter.m; sourceTree = "<group>"; };
		189763C51890FD9C006374E0 /* CTDetailViewController.h */ = {isa = PBXFileReference; fileEncoding = 4; lastKnownFileType = sourcecode.c.h; name = CTDetailViewController.h; path = ViewControllers/CTDetailViewController.h; sourceTree = "<group>"; };
		189763C61890FD9C006374E0 /* CTDetailViewController.m */ = {isa = PBXFileReference; fileEncoding = 4; lastKnownFileType = sourcecode.c.objc; name = CTDetailViewController.m; path = ViewControllers/CTDetailViewController.m; sourceTree = "<group>"; };
		189763C81890FE6E006374E0 /* CTDetailView.h */ = {isa = PBXFileReference; fileEncoding = 4; lastKnownFileType = sourcecode.c.h; name = CTDetailView.h; path = Views/CTDetailView.h; sourceTree = "<group>"; };
		189763C91890FE6E006374E0 /* CTDetailView.m */ = {isa = PBXFileReference; fileEncoding = 4; lastKnownFileType = sourcecode.c.objc; name = CTDetailView.m; path = Views/CTDetailView.m; sourceTree = "<group>"; };
		189D5F9D18CFFF9F00EE8EC9 /* CTDetailsViewController.h */ = {isa = PBXFileReference; fileEncoding = 4; lastKnownFileType = sourcecode.c.h; name = CTDetailsViewController.h; path = ViewControllers/CTDetailsViewController.h; sourceTree = "<group>"; };
		189D5F9E18CFFF9F00EE8EC9 /* CTDetailsViewController.m */ = {isa = PBXFileReference; fileEncoding = 4; lastKnownFileType = sourcecode.c.objc; name = CTDetailsViewController.m; path = ViewControllers/CTDetailsViewController.m; sourceTree = "<group>"; };
		189D5F9F18CFFF9F00EE8EC9 /* CTDetailsViewController.xib */ = {isa = PBXFileReference; fileEncoding = 4; lastKnownFileType = file.xib; name = CTDetailsViewController.xib; path = ViewControllers/CTDetailsViewController.xib; sourceTree = "<group>"; };
		18A086F119042344007CDC1B /* AsynImageView.h */ = {isa = PBXFileReference; fileEncoding = 4; lastKnownFileType = sourcecode.c.h; name = AsynImageView.h; path = UI/AsynImageView.h; sourceTree = "<group>"; };
		18A086F219042344007CDC1B /* AsynImageView.m */ = {isa = PBXFileReference; fileEncoding = 4; lastKnownFileType = sourcecode.c.objc; name = AsynImageView.m; path = UI/AsynImageView.m; sourceTree = "<group>"; };
		18A0FA0519024BD70067A438 /* CitySpadeBasicFactsCell.h */ = {isa = PBXFileReference; fileEncoding = 4; lastKnownFileType = sourcecode.c.h; path = CitySpadeBasicFactsCell.h; sourceTree = "<group>"; };
		18A0FA0619024BD70067A438 /* CitySpadeBasicFactsCell.m */ = {isa = PBXFileReference; fileEncoding = 4; lastKnownFileType = sourcecode.c.objc; path = CitySpadeBasicFactsCell.m; sourceTree = "<group>"; };
		18A0FA0719024BD70067A438 /* CitySpadeBasicFactsCell.xib */ = {isa = PBXFileReference; fileEncoding = 4; lastKnownFileType = file.xib; path = CitySpadeBasicFactsCell.xib; sourceTree = "<group>"; };
		18A0FA0819024BD70067A438 /* CitySpadeBrokerInfoCell.h */ = {isa = PBXFileReference; fileEncoding = 4; lastKnownFileType = sourcecode.c.h; path = CitySpadeBrokerInfoCell.h; sourceTree = "<group>"; };
		18A0FA0919024BD70067A438 /* CitySpadeBrokerInfoCell.m */ = {isa = PBXFileReference; fileEncoding = 4; lastKnownFileType = sourcecode.c.objc; path = CitySpadeBrokerInfoCell.m; sourceTree = "<group>"; };
		18A0FA0A19024BD70067A438 /* CitySpadeBrokerInfoCell.xib */ = {isa = PBXFileReference; fileEncoding = 4; lastKnownFileType = file.xib; path = CitySpadeBrokerInfoCell.xib; sourceTree = "<group>"; };
		18A0FA0B19024BD70067A438 /* CitySpadeBrokerWebViewController.h */ = {isa = PBXFileReference; fileEncoding = 4; lastKnownFileType = sourcecode.c.h; path = CitySpadeBrokerWebViewController.h; sourceTree = "<group>"; };
		18A0FA0C19024BD70067A438 /* CitySpadeBrokerWebViewController.m */ = {isa = PBXFileReference; fileEncoding = 4; lastKnownFileType = sourcecode.c.objc; path = CitySpadeBrokerWebViewController.m; sourceTree = "<group>"; };
		18A0FA0E19024BD70067A438 /* CitySpadeCell.h */ = {isa = PBXFileReference; fileEncoding = 4; lastKnownFileType = sourcecode.c.h; path = CitySpadeCell.h; sourceTree = "<group>"; };
		18A0FA0F19024BD70067A438 /* CitySpadeCell.m */ = {isa = PBXFileReference; fileEncoding = 4; lastKnownFileType = sourcecode.c.objc; path = CitySpadeCell.m; sourceTree = "<group>"; };
		18A0FA1019024BD70067A438 /* CitySpadeNearbyCell.h */ = {isa = PBXFileReference; fileEncoding = 4; lastKnownFileType = sourcecode.c.h; path = CitySpadeNearbyCell.h; sourceTree = "<group>"; };
		18A0FA1119024BD70067A438 /* CitySpadeNearbyCell.m */ = {isa = PBXFileReference; fileEncoding = 4; lastKnownFileType = sourcecode.c.objc; path = CitySpadeNearbyCell.m; sourceTree = "<group>"; };
		18A0FA1219024BD70067A438 /* CitySpadeTransportationInfoCell.h */ = {isa = PBXFileReference; fileEncoding = 4; lastKnownFileType = sourcecode.c.h; path = CitySpadeTransportationInfoCell.h; sourceTree = "<group>"; };
		18A0FA1319024BD70067A438 /* CitySpadeTransportationInfoCell.m */ = {isa = PBXFileReference; fileEncoding = 4; lastKnownFileType = sourcecode.c.objc; path = CitySpadeTransportationInfoCell.m; sourceTree = "<group>"; };
		18A0FA1419024BD70067A438 /* CitySpadeTransportationInfoCell.xib */ = {isa = PBXFileReference; fileEncoding = 4; lastKnownFileType = file.xib; path = CitySpadeTransportationInfoCell.xib; sourceTree = "<group>"; };
		18A0FA1519024BD70067A438 /* TransportationBuslinesCell.h */ = {isa = PBXFileReference; fileEncoding = 4; lastKnownFileType = sourcecode.c.h; path = TransportationBuslinesCell.h; sourceTree = "<group>"; };
		18A0FA1619024BD70067A438 /* TransportationBuslinesCell.m */ = {isa = PBXFileReference; fileEncoding = 4; lastKnownFileType = sourcecode.c.objc; path = TransportationBuslinesCell.m; sourceTree = "<group>"; };
		18A0FA1719024BD70067A438 /* TransportationHottestSpotsCell.xib */ = {isa = PBXFileReference; fileEncoding = 4; lastKnownFileType = file.xib; path = TransportationHottestSpotsCell.xib; sourceTree = "<group>"; };
		18A0FA1819024BD70067A438 /* TransportationListCell.h */ = {isa = PBXFileReference; fileEncoding = 4; lastKnownFileType = sourcecode.c.h; path = TransportationListCell.h; sourceTree = "<group>"; };
		18A0FA1919024BD70067A438 /* TransportationListCell.m */ = {isa = PBXFileReference; fileEncoding = 4; lastKnownFileType = sourcecode.c.objc; path = TransportationListCell.m; sourceTree = "<group>"; };
		18A0FA1A19024BD70067A438 /* TransportationSubwayCell.h */ = {isa = PBXFileReference; fileEncoding = 4; lastKnownFileType = sourcecode.c.h; path = TransportationSubwayCell.h; sourceTree = "<group>"; };
		18A0FA1B19024BD70067A438 /* TransportationSubwayCell.m */ = {isa = PBXFileReference; fileEncoding = 4; lastKnownFileType = sourcecode.c.objc; path = TransportationSubwayCell.m; sourceTree = "<group>"; };
		18A0FA1C19024BD70067A438 /* TransportationSubwayCell.xib */ = {isa = PBXFileReference; fileEncoding = 4; lastKnownFileType = file.xib; path = TransportationSubwayCell.xib; sourceTree = "<group>"; };
		18A0FA1D19024BD70067A438 /* CitySpadeDemoViewController.h */ = {isa = PBXFileReference; fileEncoding = 4; lastKnownFileType = sourcecode.c.h; path = CitySpadeDemoViewController.h; sourceTree = "<group>"; };
		18A0FA1E19024BD70067A438 /* CitySpadeDemoViewController.m */ = {isa = PBXFileReference; fileEncoding = 4; lastKnownFileType = sourcecode.c.objc; path = CitySpadeDemoViewController.m; sourceTree = "<group>"; };
		18A0FA2119024BD70067A438 /* BaseClass.h */ = {isa = PBXFileReference; fileEncoding = 4; lastKnownFileType = sourcecode.c.h; path = BaseClass.h; sourceTree = "<group>"; };
		18A0FA2219024BD70067A438 /* BaseClass.m */ = {isa = PBXFileReference; fileEncoding = 4; lastKnownFileType = sourcecode.c.objc; path = BaseClass.m; sourceTree = "<group>"; };
		18A0FA2319024BD70067A438 /* BusLines.h */ = {isa = PBXFileReference; fileEncoding = 4; lastKnownFileType = sourcecode.c.h; path = BusLines.h; sourceTree = "<group>"; };
		18A0FA2419024BD70067A438 /* BusLines.m */ = {isa = PBXFileReference; fileEncoding = 4; lastKnownFileType = sourcecode.c.objc; path = BusLines.m; sourceTree = "<group>"; };
		18A0FA2519024BD70067A438 /* CitySpadeModelManager.h */ = {isa = PBXFileReference; fileEncoding = 4; lastKnownFileType = sourcecode.c.h; path = CitySpadeModelManager.h; sourceTree = "<group>"; };
		18A0FA2619024BD70067A438 /* CitySpadeModelManager.m */ = {isa = PBXFileReference; fileEncoding = 4; lastKnownFileType = sourcecode.c.objc; path = CitySpadeModelManager.m; sourceTree = "<group>"; };
		18A0FA2719024BD70067A438 /* CitySpadeTransportationItem.h */ = {isa = PBXFileReference; fileEncoding = 4; lastKnownFileType = sourcecode.c.h; path = CitySpadeTransportationItem.h; sourceTree = "<group>"; };
		18A0FA2819024BD70067A438 /* CitySpadeTransportationItem.m */ = {isa = PBXFileReference; fileEncoding = 4; lastKnownFileType = sourcecode.c.objc; path = CitySpadeTransportationItem.m; sourceTree = "<group>"; };
		18A0FA2919024BD70067A438 /* Colleges.h */ = {isa = PBXFileReference; fileEncoding = 4; lastKnownFileType = sourcecode.c.h; path = Colleges.h; sourceTree = "<group>"; };
		18A0FA2A19024BD70067A438 /* Colleges.m */ = {isa = PBXFileReference; fileEncoding = 4; lastKnownFileType = sourcecode.c.objc; path = Colleges.m; sourceTree = "<group>"; };
		18A0FA2C19024BD70067A438 /* HottestSpots.h */ = {isa = PBXFileReference; fileEncoding = 4; lastKnownFileType = sourcecode.c.h; path = HottestSpots.h; sourceTree = "<group>"; };
		18A0FA2D19024BD70067A438 /* HottestSpots.m */ = {isa = PBXFileReference; fileEncoding = 4; lastKnownFileType = sourcecode.c.objc; path = HottestSpots.m; sourceTree = "<group>"; };
		18A0FA2E19024BD70067A438 /* SubwayLines.h */ = {isa = PBXFileReference; fileEncoding = 4; lastKnownFileType = sourcecode.c.h; path = SubwayLines.h; sourceTree = "<group>"; };
		18A0FA2F19024BD70067A438 /* SubwayLines.m */ = {isa = PBXFileReference; fileEncoding = 4; lastKnownFileType = sourcecode.c.objc; path = SubwayLines.m; sourceTree = "<group>"; };
		18A0FA3119024BD70067A438 /* CitySpadeRequestHandler.h */ = {isa = PBXFileReference; fileEncoding = 4; lastKnownFileType = sourcecode.c.h; path = CitySpadeRequestHandler.h; sourceTree = "<group>"; };
		18A0FA3219024BD70067A438 /* CitySpadeRequestHandler.m */ = {isa = PBXFileReference; fileEncoding = 4; lastKnownFileType = sourcecode.c.objc; path = CitySpadeRequestHandler.m; sourceTree = "<group>"; };
		18A0FA4C19024C290067A438 /* constant.h */ = {isa = PBXFileReference; fileEncoding = 4; lastKnownFileType = sourcecode.c.h; path = constant.h; sourceTree = "<group>"; };
		18A4F0F918CADF7A00CFB2BC /* CFNetwork.framework */ = {isa = PBXFileReference; lastKnownFileType = wrapper.framework; name = CFNetwork.framework; path = System/Library/Frameworks/CFNetwork.framework; sourceTree = SDKROOT; };
		18A58E259B5D4675AA37CCCC /* Pods.xcconfig */ = {isa = PBXFileReference; includeInIndex = 1; lastKnownFileType = text.xcconfig; name = Pods.xcconfig; path = Pods/Pods.xcconfig; sourceTree = "<group>"; };
		18BB01B619095EDB00E63A0C /* MKMapView+Blocks.h */ = {isa = PBXFileReference; fileEncoding = 4; lastKnownFileType = sourcecode.c.h; path = "MKMapView+Blocks.h"; sourceTree = "<group>"; };
		18BB01B719095EDB00E63A0C /* MKMapView+Blocks.m */ = {isa = PBXFileReference; fileEncoding = 4; lastKnownFileType = sourcecode.c.objc; path = "MKMapView+Blocks.m"; sourceTree = "<group>"; };
		18BB01B819095EDB00E63A0C /* BlockCache.h */ = {isa = PBXFileReference; fileEncoding = 4; lastKnownFileType = sourcecode.c.h; path = BlockCache.h; sourceTree = "<group>"; };
		18BB01B919095EDB00E63A0C /* BlockCache.m */ = {isa = PBXFileReference; fileEncoding = 4; lastKnownFileType = sourcecode.c.objc; path = BlockCache.m; sourceTree = "<group>"; };
		18C09FA0190CD27A0064D12E /* BlockStates.h */ = {isa = PBXFileReference; fileEncoding = 4; lastKnownFileType = sourcecode.c.h; name = BlockStates.h; path = ViewControllers/BlockStates.h; sourceTree = "<group>"; };
		18C09FA1190CD27A0064D12E /* BlockStates.m */ = {isa = PBXFileReference; fileEncoding = 4; lastKnownFileType = sourcecode.c.objc; name = BlockStates.m; path = ViewControllers/BlockStates.m; sourceTree = "<group>"; };
		18D052AD18B8F9A000D548FD /* CTLoginViewController.h */ = {isa = PBXFileReference; fileEncoding = 4; lastKnownFileType = sourcecode.c.h; name = CTLoginViewController.h; path = ViewControllers/CTLoginViewController.h; sourceTree = "<group>"; };
		18D052AE18B8F9A000D548FD /* CTLoginViewController.m */ = {isa = PBXFileReference; fileEncoding = 4; lastKnownFileType = sourcecode.c.objc; name = CTLoginViewController.m; path = ViewControllers/CTLoginViewController.m; sourceTree = "<group>"; };
		18D052AF18B8F9A000D548FD /* CTLoginViewController.xib */ = {isa = PBXFileReference; fileEncoding = 4; lastKnownFileType = file.xib; name = CTLoginViewController.xib; path = ViewControllers/CTLoginViewController.xib; sourceTree = "<group>"; };
		18E58B3F18ACE0BD00E38583 /* UIBarButtonItem+ProjectButton.h */ = {isa = PBXFileReference; fileEncoding = 4; lastKnownFileType = sourcecode.c.h; path = "UIBarButtonItem+ProjectButton.h"; sourceTree = "<group>"; };
		18E58B4018ACE0BD00E38583 /* UIBarButtonItem+ProjectButton.m */ = {isa = PBXFileReference; fileEncoding = 4; lastKnownFileType = sourcecode.c.objc; path = "UIBarButtonItem+ProjectButton.m"; sourceTree = "<group>"; };
		18F1EA6418C070F500182A87 /* MapCollectionCell.h */ = {isa = PBXFileReference; fileEncoding = 4; lastKnownFileType = sourcecode.c.h; name = MapCollectionCell.h; path = Cells/MapCollectionCell.h; sourceTree = "<group>"; };
		18F1EA6518C070F500182A87 /* MapCollectionCell.m */ = {isa = PBXFileReference; fileEncoding = 4; lastKnownFileType = sourcecode.c.objc; name = MapCollectionCell.m; path = Cells/MapCollectionCell.m; sourceTree = "<group>"; };
		18F1EA6718C0710D00182A87 /* MapCollectionCell.xib */ = {isa = PBXFileReference; fileEncoding = 4; lastKnownFileType = file.xib; path = MapCollectionCell.xib; sourceTree = "<group>"; };
		18F3477018BB43A0006EF9A7 /* CTRegisterViewController.h */ = {isa = PBXFileReference; fileEncoding = 4; lastKnownFileType = sourcecode.c.h; name = CTRegisterViewController.h; path = ViewControllers/CTRegisterViewController.h; sourceTree = "<group>"; };
		18F3477118BB43A0006EF9A7 /* CTRegisterViewController.m */ = {isa = PBXFileReference; fileEncoding = 4; lastKnownFileType = sourcecode.c.objc; name = CTRegisterViewController.m; path = ViewControllers/CTRegisterViewController.m; sourceTree = "<group>"; };
		18F3477218BB43A0006EF9A7 /* CTRegisterViewController.xib */ = {isa = PBXFileReference; fileEncoding = 4; lastKnownFileType = file.xib; name = CTRegisterViewController.xib; path = ViewControllers/CTRegisterViewController.xib; sourceTree = "<group>"; };
		18F3477518BC3ED8006EF9A7 /* FacebookSDK.framework */ = {isa = PBXFileReference; lastKnownFileType = wrapper.framework; path = FacebookSDK.framework; sourceTree = "<group>"; };
		18F3477718BC3FC6006EF9A7 /* Constants.h */ = {isa = PBXFileReference; lastKnownFileType = sourcecode.c.h; path = Constants.h; sourceTree = "<group>"; };
		18F3477818BC4A71006EF9A7 /* FacebookDelegate.h */ = {isa = PBXFileReference; fileEncoding = 4; lastKnownFileType = sourcecode.c.h; name = FacebookDelegate.h; path = Delegate/FacebookDelegate.h; sourceTree = "<group>"; };
		18F3477918BC4A71006EF9A7 /* FacebookDelegate.m */ = {isa = PBXFileReference; fileEncoding = 4; lastKnownFileType = sourcecode.c.objc; name = FacebookDelegate.m; path = Delegate/FacebookDelegate.m; sourceTree = "<group>"; };
		18F3478418BC7263006EF9A7 /* RESTfulEngine.h */ = {isa = PBXFileReference; fileEncoding = 4; lastKnownFileType = sourcecode.c.h; path = RESTfulEngine.h; sourceTree = "<group>"; };
		18F3478518BC7263006EF9A7 /* RESTfulEngine.m */ = {isa = PBXFileReference; fileEncoding = 4; lastKnownFileType = sourcecode.c.objc; path = RESTfulEngine.m; sourceTree = "<group>"; };
		18F3478718BC7280006EF9A7 /* NSString+Encryption.h */ = {isa = PBXFileReference; fileEncoding = 4; lastKnownFileType = sourcecode.c.h; path = "NSString+Encryption.h"; sourceTree = "<group>"; };
		18F3478818BC7280006EF9A7 /* NSString+Encryption.m */ = {isa = PBXFileReference; fileEncoding = 4; lastKnownFileType = sourcecode.c.objc; path = "NSString+Encryption.m"; sourceTree = "<group>"; };
		18FD0C0018B1C842000DBE87 /* BedSegment.h */ = {isa = PBXFileReference; fileEncoding = 4; lastKnownFileType = sourcecode.c.h; name = BedSegment.h; path = UI/BedSegment.h; sourceTree = "<group>"; };
		18FD0C0118B1C842000DBE87 /* BedSegment.m */ = {isa = PBXFileReference; fileEncoding = 4; lastKnownFileType = sourcecode.c.objc; name = BedSegment.m; path = UI/BedSegment.m; sourceTree = "<group>"; };
		42052F101902741D00BBFE8E /* SwitchSegment.h */ = {isa = PBXFileReference; fileEncoding = 4; lastKnownFileType = sourcecode.c.h; name = SwitchSegment.h; path = UI/SwitchSegment.h; sourceTree = "<group>"; };
		42052F111902741D00BBFE8E /* SwitchSegment.m */ = {isa = PBXFileReference; fileEncoding = 4; lastKnownFileType = sourcecode.c.objc; name = SwitchSegment.m; path = UI/SwitchSegment.m; sourceTree = "<group>"; };
		5C0D91A01D3846B28B06996B /* libPods.a */ = {isa = PBXFileReference; explicitFileType = archive.ar; includeInIndex = 0; path = libPods.a; sourceTree = BUILT_PRODUCTS_DIR; };
/* End PBXFileReference section */

/* Begin PBXFrameworksBuildPhase section */
		1817C735188CBD68003AC430 /* Frameworks */ = {
			isa = PBXFrameworksBuildPhase;
			buildActionMask = 2147483647;
			files = (
				1817C7A4188D54D1003AC430 /* CoreLocation.framework in Frameworks */,
				18A4F0FC18CAFB8900CFB2BC /* AVFoundation.framework in Frameworks */,
				18A4F0FA18CADF7A00CFB2BC /* CFNetwork.framework in Frameworks */,
				18F3477618BC3ED8006EF9A7 /* FacebookSDK.framework in Frameworks */,
				186012D2189F2F93002500E6 /* MapKit.framework in Frameworks */,
				1817C7B8188D558C003AC430 /* CoreData.framework in Frameworks */,
				1817C7B6188D5522003AC430 /* SystemConfiguration.framework in Frameworks */,
				1817C7B4188D5516003AC430 /* QuartzCore.framework in Frameworks */,
				1817C7B2188D550E003AC430 /* OpenGLES.framework in Frameworks */,
				1817C7B0188D5507003AC430 /* libz.dylib in Frameworks */,
				1817C7AE188D54FF003AC430 /* libicucore.dylib in Frameworks */,
				1817C7AC188D54F5003AC430 /* libc++.dylib in Frameworks */,
				1817C7AA188D54EC003AC430 /* ImageIO.framework in Frameworks */,
				1817C7A6188D54DC003AC430 /* CoreText.framework in Frameworks */,
				1817C73E188CBD68003AC430 /* CoreGraphics.framework in Frameworks */,
				1817C740188CBD68003AC430 /* UIKit.framework in Frameworks */,
				1817C73C188CBD68003AC430 /* Foundation.framework in Frameworks */,
				AC16CF5F06F34B96BE3F59D4 /* libPods.a in Frameworks */,
			);
			runOnlyForDeploymentPostprocessing = 0;
		};
		1817C750188CBD68003AC430 /* Frameworks */ = {
			isa = PBXFrameworksBuildPhase;
			buildActionMask = 2147483647;
			files = (
				1817C755188CBD68003AC430 /* XCTest.framework in Frameworks */,
				1817C757188CBD68003AC430 /* UIKit.framework in Frameworks */,
				1817C756188CBD68003AC430 /* Foundation.framework in Frameworks */,
			);
			runOnlyForDeploymentPostprocessing = 0;
		};
/* End PBXFrameworksBuildPhase section */

/* Begin PBXGroup section */
		1812D9D519014F940040950F /* Sort */ = {
			isa = PBXGroup;
			children = (
				1812D9D219014F900040950F /* SortTableView.h */,
				1812D9D319014F900040950F /* SortTableView.m */,
			);
			name = Sort;
			sourceTree = "<group>";
		};
		1817C72F188CBD68003AC430 = {
			isa = PBXGroup;
			children = (
				1817C741188CBD68003AC430 /* CitySpade */,
				1817C75A188CBD68003AC430 /* CitySpadeTests */,
				1817C73A188CBD68003AC430 /* Frameworks */,
				1817C739188CBD68003AC430 /* Products */,
				18A58E259B5D4675AA37CCCC /* Pods.xcconfig */,
			);
			sourceTree = "<group>";
		};
		1817C739188CBD68003AC430 /* Products */ = {
			isa = PBXGroup;
			children = (
				1817C738188CBD68003AC430 /* CitySpade.app */,
				1817C753188CBD68003AC430 /* CitySpadeTests.xctest */,
			);
			name = Products;
			sourceTree = "<group>";
		};
		1817C73A188CBD68003AC430 /* Frameworks */ = {
			isa = PBXGroup;
			children = (
				18A4F0F918CADF7A00CFB2BC /* CFNetwork.framework */,
				18F3477518BC3ED8006EF9A7 /* FacebookSDK.framework */,
				186012D1189F2F93002500E6 /* MapKit.framework */,
				1817C7B7188D558C003AC430 /* CoreData.framework */,
				1817C7B5188D5522003AC430 /* SystemConfiguration.framework */,
				1817C7B3188D5516003AC430 /* QuartzCore.framework */,
				1817C7B1188D550E003AC430 /* OpenGLES.framework */,
				1817C7AF188D5507003AC430 /* libz.dylib */,
				1817C7AD188D54FF003AC430 /* libicucore.dylib */,
				1817C7AB188D54F5003AC430 /* libc++.dylib */,
				1817C7A9188D54EC003AC430 /* ImageIO.framework */,
				1817C7A7188D54E4003AC430 /* GLKit.framework */,
				1817C7A5188D54DC003AC430 /* CoreText.framework */,
				1817C7A3188D54D1003AC430 /* CoreLocation.framework */,
				1817C7A1188D54C0003AC430 /* AVFoundation.framework */,
				1817C73B188CBD68003AC430 /* Foundation.framework */,
				1817C73D188CBD68003AC430 /* CoreGraphics.framework */,
				1817C73F188CBD68003AC430 /* UIKit.framework */,
				1817C754188CBD68003AC430 /* XCTest.framework */,
				5C0D91A01D3846B28B06996B /* libPods.a */,
			);
			name = Frameworks;
			sourceTree = "<group>";
		};
		1817C741188CBD68003AC430 /* CitySpade */ = {
			isa = PBXGroup;
			children = (
				1863229518FCDFAD00A1851A /* Images.xcassets */,
				18F3477718BC3FC6006EF9A7 /* Constants.h */,
				188054E818B48CB800DE5A9C /* DataModels.h */,
				1817C74A188CBD68003AC430 /* AppDelegate.h */,
				1817C74B188CBD68003AC430 /* AppDelegate.m */,
				18F3477818BC4A71006EF9A7 /* FacebookDelegate.h */,
				18F3477918BC4A71006EF9A7 /* FacebookDelegate.m */,
				1893061B18A77E3900EA285E /* AppearanceSetter.h */,
				1893061C18A77E3900EA285E /* AppearanceSetter.m */,
				183991C918D2F1CE00D2B07F /* Cache */,
				18A0FA0319024BD70067A438 /* DetailPage */,
				184B65C718D5FC9A007358BE /* MainView(Map) */,
				188054E618B47DB700DE5A9C /* RESTfulEngine */,
				18E58B4218ACE0C200E38583 /* Categories */,
				18645EFA18A88C62009CF97F /* Custom UIs */,
				182D50B51890D7A60079A6DF /* Cells */,
				189EC112188FBBBA00DC485F /* Views */,
				189EC108188F9EFD00DC485F /* ViewControllers */,
				186012CE189F2E23002500E6 /* REVMapCluster */,
				188054E118B4787900DE5A9C /* KeyValueObserver */,
				1817C742188CBD68003AC430 /* Supporting Files */,
			);
			path = CitySpade;
			sourceTree = "<group>";
		};
		1817C742188CBD68003AC430 /* Supporting Files */ = {
			isa = PBXGroup;
			children = (
				1817C743188CBD68003AC430 /* CitySpade-Info.plist */,
				1817C744188CBD68003AC430 /* InfoPlist.strings */,
				1817C747188CBD68003AC430 /* main.m */,
				1817C749188CBD68003AC430 /* CitySpade-Prefix.pch */,
			);
			name = "Supporting Files";
			sourceTree = "<group>";
		};
		1817C75A188CBD68003AC430 /* CitySpadeTests */ = {
			isa = PBXGroup;
			children = (
				1817C760188CBD68003AC430 /* CitySpadeTests.m */,
				1817C75B188CBD68003AC430 /* Supporting Files */,
			);
			path = CitySpadeTests;
			sourceTree = "<group>";
		};
		1817C75B188CBD68003AC430 /* Supporting Files */ = {
			isa = PBXGroup;
			children = (
				1817C75C188CBD68003AC430 /* CitySpadeTests-Info.plist */,
				1817C75D188CBD68003AC430 /* InfoPlist.strings */,
			);
			name = "Supporting Files";
			sourceTree = "<group>";
		};
		182D50B51890D7A60079A6DF /* Cells */ = {
			isa = PBXGroup;
			children = (
				182D50B21890D77C0079A6DF /* CTListCell.h */,
				182D50B31890D77C0079A6DF /* CTListCell.m */,
				1893061418A4BE7F00EA285E /* CTCollectionCell.h */,
				1893061518A4BE7F00EA285E /* CTCollectionCell.m */,
				18F1EA6418C070F500182A87 /* MapCollectionCell.h */,
				18F1EA6518C070F500182A87 /* MapCollectionCell.m */,
				18F1EA6718C0710D00182A87 /* MapCollectionCell.xib */,
				183991CF18D307D600D2B07F /* AddressSavingCell.h */,
				183991D018D307D600D2B07F /* AddressSavingCell.m */,
				183991D218D307EA00D2B07F /* AddressSavingCell.xib */,
			);
			name = Cells;
			sourceTree = "<group>";
		};
		183991C918D2F1CE00D2B07F /* Cache */ = {
			isa = PBXGroup;
			children = (
				180A406818D2091D004D33D5 /* AppCache.h */,
				180A406918D2091D004D33D5 /* AppCache.m */,
			);
			name = Cache;
			sourceTree = "<group>";
		};
		184B65C718D5FC9A007358BE /* MainView(Map) */ = {
			isa = PBXGroup;
			children = (
				188F6CFC188E85D900EAEEFD /* CTMapViewController.m */,
				188F6CFD188E85D900EAEEFD /* CTMapViewController.h */,
				1861FC6918D6A32F0059FA4F /* MainTableViewDelegate.h */,
				1861FC6A18D6A32F0059FA4F /* MainTableViewDelegate.m */,
				184B65C918D5FF07007358BE /* CTMapViewDelegate.h */,
				184B65CA18D5FF07007358BE /* CTMapViewDelegate.m */,
				18BB01BC19095EE700E63A0C /* Block */,
				1812D9D519014F940040950F /* Sort */,
			);
			name = "MainView(Map)";
			sourceTree = "<group>";
		};
		186012CE189F2E23002500E6 /* REVMapCluster */ = {
			isa = PBXGroup;
			children = (
				186012C1189F2E00002500E6 /* REVClusterMap.h */,
				186012BB189F2E00002500E6 /* REVAnnotationsCollection.h */,
				186012BC189F2E00002500E6 /* REVAnnotationsCollection.m */,
				186012BD189F2E00002500E6 /* REVClusterBlock.h */,
				186012BE189F2E00002500E6 /* REVClusterBlock.m */,
				186012BF189F2E00002500E6 /* REVClusterManager.h */,
				186012C0189F2E00002500E6 /* REVClusterManager.m */,
				186012C2189F2E00002500E6 /* REVClusterMapView.h */,
				186012C3189F2E00002500E6 /* REVClusterMapView.m */,
				186012CF189F2E50002500E6 /* Annotation */,
				186012D0189F2E6F002500E6 /* AnnotationView */,
			);
			name = REVMapCluster;
			sourceTree = "<group>";
		};
		186012CF189F2E50002500E6 /* Annotation */ = {
			isa = PBXGroup;
			children = (
				186012C8189F2E1C002500E6 /* REVClusterPin.h */,
				186012C9189F2E1C002500E6 /* REVClusterPin.m */,
			);
			name = Annotation;
			sourceTree = "<group>";
		};
		186012D0189F2E6F002500E6 /* AnnotationView */ = {
			isa = PBXGroup;
			children = (
				186012CA189F2E1C002500E6 /* REVClusterAnnotationView.h */,
				186012CB189F2E1C002500E6 /* REVClusterAnnotationView.m */,
			);
			name = AnnotationView;
			sourceTree = "<group>";
		};
		18645EFA18A88C62009CF97F /* Custom UIs */ = {
			isa = PBXGroup;
			children = (
				18A086F119042344007CDC1B /* AsynImageView.h */,
				18A086F219042344007CDC1B /* AsynImageView.m */,
				18858BFE18AE162400F49974 /* NMRangeSlider.h */,
				18858BFF18AE162400F49974 /* NMRangeSlider.m */,
				187204A518AE65D600C90B31 /* ANPopoverView.h */,
				187204A618AE65D600C90B31 /* ANPopoverView.m */,
				18FD0C0018B1C842000DBE87 /* BedSegment.h */,
				18FD0C0118B1C842000DBE87 /* BedSegment.m */,
				18645EF718A88C5E009CF97F /* SwitchButton.h */,
				18645EF818A88C5E009CF97F /* SwitchButton.m */,
				186012D3189F3BEC002500E6 /* MapBottomBar.h */,
				186012D4189F3BEC002500E6 /* MapBottomBar.m */,
				42052F101902741D00BBFE8E /* SwitchSegment.h */,
				42052F111902741D00BBFE8E /* SwitchSegment.m */,
			);
			name = "Custom UIs";
			sourceTree = "<group>";
		};
		188054E118B4787900DE5A9C /* KeyValueObserver */ = {
			isa = PBXGroup;
			children = (
				188054DE18B4786F00DE5A9C /* KeyValueObserver.h */,
				188054DF18B4786F00DE5A9C /* KeyValueObserver.m */,
			);
			name = KeyValueObserver;
			sourceTree = "<group>";
		};
		188054E618B47DB700DE5A9C /* RESTfulEngine */ = {
			isa = PBXGroup;
			children = (
				18F3478418BC7263006EF9A7 /* RESTfulEngine.h */,
				18F3478518BC7263006EF9A7 /* RESTfulEngine.m */,
				188054E718B48CB800DE5A9C /* Models */,
			);
			name = RESTfulEngine;
			sourceTree = "<group>";
		};
		188054E718B48CB800DE5A9C /* Models */ = {
			isa = PBXGroup;
			children = (
				1863226718FCD7FD00A1851A /* CitySpadeListsModel.h */,
				1863226818FCD7FD00A1851A /* CitySpadeListsModel.m */,
				188054E918B48CB800DE5A9C /* Images.h */,
				188054EA18B48CB800DE5A9C /* Images.m */,
				188054EB18B48CB800DE5A9C /* Listing.h */,
				188054EC18B48CB800DE5A9C /* Listing.m */,
			);
			name = Models;
			path = "JSON-Models";
			sourceTree = "<group>";
		};
		189EC108188F9EFD00DC485F /* ViewControllers */ = {
			isa = PBXGroup;
			children = (
				189763C51890FD9C006374E0 /* CTDetailViewController.h */,
				189763C61890FD9C006374E0 /* CTDetailViewController.m */,
				189D5F9D18CFFF9F00EE8EC9 /* CTDetailsViewController.h */,
				189D5F9E18CFFF9F00EE8EC9 /* CTDetailsViewController.m */,
				189D5F9F18CFFF9F00EE8EC9 /* CTDetailsViewController.xib */,
				188F6CF9188E5E8600EAEEFD /* CTLeftSideMenuViewController.h */,
				188F6CFA188E5E8600EAEEFD /* CTLeftSideMenuViewController.m */,
				182413B2188FC7560064B28F /* CTFilterViewController.h */,
				182413B3188FC7560064B28F /* CTFilterViewController.m */,
				18D052AD18B8F9A000D548FD /* CTLoginViewController.h */,
				18D052AE18B8F9A000D548FD /* CTLoginViewController.m */,
				18D052AF18B8F9A000D548FD /* CTLoginViewController.xib */,
				18F3477018BB43A0006EF9A7 /* CTRegisterViewController.h */,
				18F3477118BB43A0006EF9A7 /* CTRegisterViewController.m */,
				18F3477218BB43A0006EF9A7 /* CTRegisterViewController.xib */,
				183991D418D308B500D2B07F /* CTSavingsViewController.h */,
				183991D518D308B500D2B07F /* CTSavingsViewController.m */,
			);
			name = ViewControllers;
			sourceTree = "<group>";
		};
		189EC112188FBBBA00DC485F /* Views */ = {
			isa = PBXGroup;
			children = (
				182D50AF1890C05C0079A6DF /* CTListView.h */,
				182D50B01890C05C0079A6DF /* CTListView.m */,
				189763C81890FE6E006374E0 /* CTDetailView.h */,
				189763C91890FE6E006374E0 /* CTDetailView.m */,
			);
			name = Views;
			sourceTree = "<group>";
		};
		18A0FA0319024BD70067A438 /* DetailPage */ = {
			isa = PBXGroup;
			children = (
				18A0FA1D19024BD70067A438 /* CitySpadeDemoViewController.h */,
				18A0FA1E19024BD70067A438 /* CitySpadeDemoViewController.m */,
				18A0FA4C19024C290067A438 /* constant.h */,
				18A0FA0419024BD70067A438 /* Cells */,
				18A0FA2019024BD70067A438 /* Models */,
				18A0FA3019024BD70067A438 /* RequestHandler */,
			);
			path = DetailPage;
			sourceTree = "<group>";
		};
		18A0FA0419024BD70067A438 /* Cells */ = {
			isa = PBXGroup;
			children = (
				18A0FA0519024BD70067A438 /* CitySpadeBasicFactsCell.h */,
				18A0FA0619024BD70067A438 /* CitySpadeBasicFactsCell.m */,
				18A0FA0719024BD70067A438 /* CitySpadeBasicFactsCell.xib */,
				18A0FA0819024BD70067A438 /* CitySpadeBrokerInfoCell.h */,
				18A0FA0919024BD70067A438 /* CitySpadeBrokerInfoCell.m */,
				18A0FA0A19024BD70067A438 /* CitySpadeBrokerInfoCell.xib */,
				18A0FA0B19024BD70067A438 /* CitySpadeBrokerWebViewController.h */,
				18A0FA0C19024BD70067A438 /* CitySpadeBrokerWebViewController.m */,
				184A2DD51904C19400A09EAB /* CitySpadeBrokerWebViewController.xib */,
				18A0FA0E19024BD70067A438 /* CitySpadeCell.h */,
				18A0FA0F19024BD70067A438 /* CitySpadeCell.m */,
				18A0FA1019024BD70067A438 /* CitySpadeNearbyCell.h */,
				18A0FA1119024BD70067A438 /* CitySpadeNearbyCell.m */,
				18A0FA1219024BD70067A438 /* CitySpadeTransportationInfoCell.h */,
				18A0FA1319024BD70067A438 /* CitySpadeTransportationInfoCell.m */,
				18A0FA1419024BD70067A438 /* CitySpadeTransportationInfoCell.xib */,
				18A0FA1519024BD70067A438 /* TransportationBuslinesCell.h */,
				18A0FA1619024BD70067A438 /* TransportationBuslinesCell.m */,
				18A0FA1719024BD70067A438 /* TransportationHottestSpotsCell.xib */,
				18A0FA1819024BD70067A438 /* TransportationListCell.h */,
				18A0FA1919024BD70067A438 /* TransportationListCell.m */,
				18A0FA1A19024BD70067A438 /* TransportationSubwayCell.h */,
				18A0FA1B19024BD70067A438 /* TransportationSubwayCell.m */,
				18A0FA1C19024BD70067A438 /* TransportationSubwayCell.xib */,
			);
			path = Cells;
			sourceTree = "<group>";
		};
		18A0FA2019024BD70067A438 /* Models */ = {
			isa = PBXGroup;
			children = (
				18A0FA2119024BD70067A438 /* BaseClass.h */,
				18A0FA2219024BD70067A438 /* BaseClass.m */,
				18A0FA2319024BD70067A438 /* BusLines.h */,
				18A0FA2419024BD70067A438 /* BusLines.m */,
				18A0FA2519024BD70067A438 /* CitySpadeModelManager.h */,
				18A0FA2619024BD70067A438 /* CitySpadeModelManager.m */,
				18A0FA2719024BD70067A438 /* CitySpadeTransportationItem.h */,
				18A0FA2819024BD70067A438 /* CitySpadeTransportationItem.m */,
				18A0FA2919024BD70067A438 /* Colleges.h */,
				18A0FA2A19024BD70067A438 /* Colleges.m */,
				18A0FA2C19024BD70067A438 /* HottestSpots.h */,
				18A0FA2D19024BD70067A438 /* HottestSpots.m */,
				18A0FA2E19024BD70067A438 /* SubwayLines.h */,
				18A0FA2F19024BD70067A438 /* SubwayLines.m */,
			);
			path = Models;
			sourceTree = "<group>";
		};
		18A0FA3019024BD70067A438 /* RequestHandler */ = {
			isa = PBXGroup;
			children = (
				18A0FA3119024BD70067A438 /* CitySpadeRequestHandler.h */,
				18A0FA3219024BD70067A438 /* CitySpadeRequestHandler.m */,
			);
			path = RequestHandler;
			sourceTree = "<group>";
		};
		18BB01BC19095EE700E63A0C /* Block */ = {
			isa = PBXGroup;
			children = (
				18BB01B619095EDB00E63A0C /* MKMapView+Blocks.h */,
				18BB01B719095EDB00E63A0C /* MKMapView+Blocks.m */,
				18BB01B819095EDB00E63A0C /* BlockCache.h */,
				18BB01B919095EDB00E63A0C /* BlockCache.m */,
				18C09FA0190CD27A0064D12E /* BlockStates.h */,
				18C09FA1190CD27A0064D12E /* BlockStates.m */,
			);
			name = Block;
			sourceTree = "<group>";
		};
		18E58B4218ACE0C200E38583 /* Categories */ = {
			isa = PBXGroup;
			children = (
				1845A2E719039D04003B764C /* NSString+RegEx.h */,
				1845A2E819039D04003B764C /* NSString+RegEx.m */,
				18F3478718BC7280006EF9A7 /* NSString+Encryption.h */,
				18F3478818BC7280006EF9A7 /* NSString+Encryption.m */,
				18E58B3F18ACE0BD00E38583 /* UIBarButtonItem+ProjectButton.h */,
				18E58B4018ACE0BD00E38583 /* UIBarButtonItem+ProjectButton.m */,
				183991D718D333D900D2B07F /* UISegmentedControl+Project.h */,
				183991D818D333D900D2B07F /* UISegmentedControl+Project.m */,
			);
			name = Categories;
			sourceTree = "<group>";
		};
/* End PBXGroup section */

/* Begin PBXNativeTarget section */
		1817C737188CBD68003AC430 /* CitySpade */ = {
			isa = PBXNativeTarget;
			buildConfigurationList = 1817C764188CBD68003AC430 /* Build configuration list for PBXNativeTarget "CitySpade" */;
			buildPhases = (
				9EBD0F3FCDCE431E80D2D2E0 /* Check Pods Manifest.lock */,
				1817C734188CBD68003AC430 /* Sources */,
				1817C735188CBD68003AC430 /* Frameworks */,
				1817C736188CBD68003AC430 /* Resources */,
				2AA24853BCF74391BAE74645 /* Copy Pods Resources */,
			);
			buildRules = (
			);
			dependencies = (
			);
			name = CitySpade;
			productName = CitySpade;
			productReference = 1817C738188CBD68003AC430 /* CitySpade.app */;
			productType = "com.apple.product-type.application";
		};
		1817C752188CBD68003AC430 /* CitySpadeTests */ = {
			isa = PBXNativeTarget;
			buildConfigurationList = 1817C767188CBD68003AC430 /* Build configuration list for PBXNativeTarget "CitySpadeTests" */;
			buildPhases = (
				1817C74F188CBD68003AC430 /* Sources */,
				1817C750188CBD68003AC430 /* Frameworks */,
				1817C751188CBD68003AC430 /* Resources */,
			);
			buildRules = (
			);
			dependencies = (
				1817C759188CBD68003AC430 /* PBXTargetDependency */,
			);
			name = CitySpadeTests;
			productName = CitySpadeTests;
			productReference = 1817C753188CBD68003AC430 /* CitySpadeTests.xctest */;
			productType = "com.apple.product-type.bundle.unit-test";
		};
/* End PBXNativeTarget section */

/* Begin PBXProject section */
		1817C730188CBD68003AC430 /* Project object */ = {
			isa = PBXProject;
			attributes = {
				LastUpgradeCheck = 0500;
				ORGANIZATIONNAME = "Cho-Yeung Lam";
				TargetAttributes = {
					1817C737188CBD68003AC430 = {
						DevelopmentTeam = YPP93L48Z5;
					};
					1817C752188CBD68003AC430 = {
						TestTargetID = 1817C737188CBD68003AC430;
					};
				};
			};
			buildConfigurationList = 1817C733188CBD68003AC430 /* Build configuration list for PBXProject "CitySpade" */;
			compatibilityVersion = "Xcode 3.2";
			developmentRegion = English;
			hasScannedForEncodings = 0;
			knownRegions = (
				en,
			);
			mainGroup = 1817C72F188CBD68003AC430;
			productRefGroup = 1817C739188CBD68003AC430 /* Products */;
			projectDirPath = "";
			projectRoot = "";
			targets = (
				1817C737188CBD68003AC430 /* CitySpade */,
				1817C752188CBD68003AC430 /* CitySpadeTests */,
			);
		};
/* End PBXProject section */

/* Begin PBXResourcesBuildPhase section */
		1817C736188CBD68003AC430 /* Resources */ = {
			isa = PBXResourcesBuildPhase;
			buildActionMask = 2147483647;
			files = (
				18F3477418BB43A0006EF9A7 /* CTRegisterViewController.xib in Resources */,
				184A2DD61904C19400A09EAB /* CitySpadeBrokerWebViewController.xib in Resources */,
				18D052B118B8F9A000D548FD /* CTLoginViewController.xib in Resources */,
				18A0FA3E19024BD70067A438 /* TransportationHottestSpotsCell.xib in Resources */,
				1863229618FCDFAD00A1851A /* Images.xcassets in Resources */,
				183991D318D307EA00D2B07F /* AddressSavingCell.xib in Resources */,
				18F1EA6818C0710D00182A87 /* MapCollectionCell.xib in Resources */,
				18A0FA3619024BD70067A438 /* CitySpadeBrokerInfoCell.xib in Resources */,
				18A0FA3419024BD70067A438 /* CitySpadeBasicFactsCell.xib in Resources */,
				18A0FA4119024BD70067A438 /* TransportationSubwayCell.xib in Resources */,
				189D5FA118CFFF9F00EE8EC9 /* CTDetailsViewController.xib in Resources */,
				1817C746188CBD68003AC430 /* InfoPlist.strings in Resources */,
				18A0FA3C19024BD70067A438 /* CitySpadeTransportationInfoCell.xib in Resources */,
			);
			runOnlyForDeploymentPostprocessing = 0;
		};
		1817C751188CBD68003AC430 /* Resources */ = {
			isa = PBXResourcesBuildPhase;
			buildActionMask = 2147483647;
			files = (
				1817C75F188CBD68003AC430 /* InfoPlist.strings in Resources */,
			);
			runOnlyForDeploymentPostprocessing = 0;
		};
/* End PBXResourcesBuildPhase section */

/* Begin PBXShellScriptBuildPhase section */
		2AA24853BCF74391BAE74645 /* Copy Pods Resources */ = {
			isa = PBXShellScriptBuildPhase;
			buildActionMask = 2147483647;
			files = (
			);
			inputPaths = (
			);
			name = "Copy Pods Resources";
			outputPaths = (
			);
			runOnlyForDeploymentPostprocessing = 0;
			shellPath = /bin/sh;
			shellScript = "\"${SRCROOT}/Pods/Pods-resources.sh\"\n";
			showEnvVarsInLog = 0;
		};
		9EBD0F3FCDCE431E80D2D2E0 /* Check Pods Manifest.lock */ = {
			isa = PBXShellScriptBuildPhase;
			buildActionMask = 2147483647;
			files = (
			);
			inputPaths = (
			);
			name = "Check Pods Manifest.lock";
			outputPaths = (
			);
			runOnlyForDeploymentPostprocessing = 0;
			shellPath = /bin/sh;
			shellScript = "diff \"${PODS_ROOT}/../Podfile.lock\" \"${PODS_ROOT}/Manifest.lock\" > /dev/null\nif [[ $? != 0 ]] ; then\n    cat << EOM\nerror: The sandbox is not in sync with the Podfile.lock. Run 'pod install' or update your CocoaPods installation.\nEOM\n    exit 1\nfi\n";
			showEnvVarsInLog = 0;
		};
/* End PBXShellScriptBuildPhase section */

/* Begin PBXSourcesBuildPhase section */
		1817C734188CBD68003AC430 /* Sources */ = {
			isa = PBXSourcesBuildPhase;
			buildActionMask = 2147483647;
			files = (
				188F6CFE188E85D900EAEEFD /* CTMapViewController.m in Sources */,
				18A0FA4619024BD70067A438 /* CitySpadeModelManager.m in Sources */,
				182413B4188FC7560064B28F /* CTFilterViewController.m in Sources */,
				188F6CFB188E5E8600EAEEFD /* CTLeftSideMenuViewController.m in Sources */,
				182D50B41890D77C0079A6DF /* CTListCell.m in Sources */,
				18A0FA3919024BD70067A438 /* CitySpadeCell.m in Sources */,
				186012CD189F2E1C002500E6 /* REVClusterAnnotationView.m in Sources */,
				18A0FA4219024BD70067A438 /* CitySpadeDemoViewController.m in Sources */,
				18F3478618BC7263006EF9A7 /* RESTfulEngine.m in Sources */,
				183991D918D333D900D2B07F /* UISegmentedControl+Project.m in Sources */,
				18A0FA3719024BD70067A438 /* CitySpadeBrokerWebViewController.m in Sources */,
				18645EF918A88C5E009CF97F /* SwitchButton.m in Sources */,
				1845A2E919039D04003B764C /* NSString+RegEx.m in Sources */,
				188054ED18B48CB800DE5A9C /* Images.m in Sources */,
				186012C5189F2E00002500E6 /* REVClusterBlock.m in Sources */,
				183991D118D307D600D2B07F /* AddressSavingCell.m in Sources */,
				1812D9D419014F900040950F /* SortTableView.m in Sources */,
				18F1EA6618C070F500182A87 /* MapCollectionCell.m in Sources */,
				18A0FA4819024BD70067A438 /* Colleges.m in Sources */,
				186012C4189F2E00002500E6 /* REVAnnotationsCollection.m in Sources */,
				186012C7189F2E00002500E6 /* REVClusterMapView.m in Sources */,
				42052F121902741D00BBFE8E /* SwitchSegment.m in Sources */,
				184B65CB18D5FF07007358BE /* CTMapViewDelegate.m in Sources */,
				18A0FA3B19024BD70067A438 /* CitySpadeTransportationInfoCell.m in Sources */,
				186012C6189F2E00002500E6 /* REVClusterManager.m in Sources */,
				18A0FA3319024BD70067A438 /* CitySpadeBasicFactsCell.m in Sources */,
				188054E018B4786F00DE5A9C /* KeyValueObserver.m in Sources */,
				18A0FA4B19024BD70067A438 /* CitySpadeRequestHandler.m in Sources */,
				18A0FA3A19024BD70067A438 /* CitySpadeNearbyCell.m in Sources */,
				18D052B018B8F9A000D548FD /* CTLoginViewController.m in Sources */,
				189763C71890FD9C006374E0 /* CTDetailViewController.m in Sources */,
				183991D618D308B500D2B07F /* CTSavingsViewController.m in Sources */,
				18F3478918BC7280006EF9A7 /* NSString+Encryption.m in Sources */,
				18A0FA4719024BD70067A438 /* CitySpadeTransportationItem.m in Sources */,
				1861FC6B18D6A32F0059FA4F /* MainTableViewDelegate.m in Sources */,
				18A086F319042344007CDC1B /* AsynImageView.m in Sources */,
				180A406A18D2091D004D33D5 /* AppCache.m in Sources */,
				18A0FA4A19024BD70067A438 /* SubwayLines.m in Sources */,
				18BB01BB19095EDB00E63A0C /* BlockCache.m in Sources */,
				18F3477318BB43A0006EF9A7 /* CTRegisterViewController.m in Sources */,
				18A0FA4519024BD70067A438 /* BusLines.m in Sources */,
				1893061618A4BE7F00EA285E /* CTCollectionCell.m in Sources */,
				18A0FA4919024BD70067A438 /* HottestSpots.m in Sources */,
				182D50B11890C05C0079A6DF /* CTListView.m in Sources */,
				18A0FA3F19024BD70067A438 /* TransportationListCell.m in Sources */,
				1863226918FCD7FD00A1851A /* CitySpadeListsModel.m in Sources */,
				18A0FA4419024BD70067A438 /* BaseClass.m in Sources */,
				18F3477A18BC4A71006EF9A7 /* FacebookDelegate.m in Sources */,
				18BB01BA19095EDB00E63A0C /* MKMapView+Blocks.m in Sources */,
				18A0FA3519024BD70067A438 /* CitySpadeBrokerInfoCell.m in Sources */,
				1817C74C188CBD68003AC430 /* AppDelegate.m in Sources */,
				18A0FA4019024BD70067A438 /* TransportationSubwayCell.m in Sources */,
				1893061D18A77E3900EA285E /* AppearanceSetter.m in Sources */,
				189763CA1890FE6E006374E0 /* CTDetailView.m in Sources */,
				18A0FA3D19024BD70067A438 /* TransportationBuslinesCell.m in Sources */,
				18C09FA2190CD27A0064D12E /* BlockStates.m in Sources */,
				18E58B4118ACE0BD00E38583 /* UIBarButtonItem+ProjectButton.m in Sources */,
				186012D5189F3BEC002500E6 /* MapBottomBar.m in Sources */,
				188054EE18B48CB800DE5A9C /* Listing.m in Sources */,
				189D5FA018CFFF9F00EE8EC9 /* CTDetailsViewController.m in Sources */,
				186012CC189F2E1C002500E6 /* REVClusterPin.m in Sources */,
				18858C0018AE162400F49974 /* NMRangeSlider.m in Sources */,
				18FD0C0218B1C842000DBE87 /* BedSegment.m in Sources */,
				1817C748188CBD68003AC430 /* main.m in Sources */,
				187204A718AE65D600C90B31 /* ANPopoverView.m in Sources */,
			);
			runOnlyForDeploymentPostprocessing = 0;
		};
		1817C74F188CBD68003AC430 /* Sources */ = {
			isa = PBXSourcesBuildPhase;
			buildActionMask = 2147483647;
			files = (
				1817C761188CBD68003AC430 /* CitySpadeTests.m in Sources */,
			);
			runOnlyForDeploymentPostprocessing = 0;
		};
/* End PBXSourcesBuildPhase section */

/* Begin PBXTargetDependency section */
		1817C759188CBD68003AC430 /* PBXTargetDependency */ = {
			isa = PBXTargetDependency;
			target = 1817C737188CBD68003AC430 /* CitySpade */;
			targetProxy = 1817C758188CBD68003AC430 /* PBXContainerItemProxy */;
		};
/* End PBXTargetDependency section */

/* Begin PBXVariantGroup section */
		1817C744188CBD68003AC430 /* InfoPlist.strings */ = {
			isa = PBXVariantGroup;
			children = (
				1817C745188CBD68003AC430 /* en */,
			);
			name = InfoPlist.strings;
			sourceTree = "<group>";
		};
		1817C75D188CBD68003AC430 /* InfoPlist.strings */ = {
			isa = PBXVariantGroup;
			children = (
				1817C75E188CBD68003AC430 /* en */,
			);
			name = InfoPlist.strings;
			sourceTree = "<group>";
		};
/* End PBXVariantGroup section */

/* Begin XCBuildConfiguration section */
		1817C762188CBD68003AC430 /* Debug */ = {
			isa = XCBuildConfiguration;
			buildSettings = {
				ALWAYS_SEARCH_USER_PATHS = NO;
				CLANG_CXX_LANGUAGE_STANDARD = "gnu++0x";
				CLANG_CXX_LIBRARY = "libc++";
				CLANG_ENABLE_MODULES = YES;
				CLANG_ENABLE_OBJC_ARC = YES;
				CLANG_WARN_BOOL_CONVERSION = YES;
				CLANG_WARN_CONSTANT_CONVERSION = YES;
				CLANG_WARN_DIRECT_OBJC_ISA_USAGE = YES_ERROR;
				CLANG_WARN_EMPTY_BODY = YES;
				CLANG_WARN_ENUM_CONVERSION = YES;
				CLANG_WARN_INT_CONVERSION = YES;
				CLANG_WARN_OBJC_ROOT_CLASS = YES_ERROR;
				CLANG_WARN__DUPLICATE_METHOD_MATCH = YES;
				CODE_SIGN_IDENTITY = "iPhone Developer: CHONGYANG CHEN (6CKWKTMF5V)";
				"CODE_SIGN_IDENTITY[sdk=iphoneos*]" = "iPhone Developer";
				COPY_PHASE_STRIP = NO;
				GCC_C_LANGUAGE_STANDARD = gnu99;
				GCC_DYNAMIC_NO_PIC = NO;
				GCC_OPTIMIZATION_LEVEL = 0;
				GCC_PREPROCESSOR_DEFINITIONS = (
					"DEBUG=1",
					"$(inherited)",
				);
				GCC_SYMBOLS_PRIVATE_EXTERN = NO;
				GCC_WARN_64_TO_32_BIT_CONVERSION = YES;
				GCC_WARN_ABOUT_RETURN_TYPE = YES_ERROR;
				GCC_WARN_UNDECLARED_SELECTOR = YES;
				GCC_WARN_UNINITIALIZED_AUTOS = YES;
				GCC_WARN_UNUSED_FUNCTION = YES;
				GCC_WARN_UNUSED_VARIABLE = YES;
				IPHONEOS_DEPLOYMENT_TARGET = 7.0;
				ONLY_ACTIVE_ARCH = YES;
				SDKROOT = iphoneos;
			};
			name = Debug;
		};
		1817C763188CBD68003AC430 /* Release */ = {
			isa = XCBuildConfiguration;
			buildSettings = {
				ALWAYS_SEARCH_USER_PATHS = NO;
				CLANG_CXX_LANGUAGE_STANDARD = "gnu++0x";
				CLANG_CXX_LIBRARY = "libc++";
				CLANG_ENABLE_MODULES = YES;
				CLANG_ENABLE_OBJC_ARC = YES;
				CLANG_WARN_BOOL_CONVERSION = YES;
				CLANG_WARN_CONSTANT_CONVERSION = YES;
				CLANG_WARN_DIRECT_OBJC_ISA_USAGE = YES_ERROR;
				CLANG_WARN_EMPTY_BODY = YES;
				CLANG_WARN_ENUM_CONVERSION = YES;
				CLANG_WARN_INT_CONVERSION = YES;
				CLANG_WARN_OBJC_ROOT_CLASS = YES_ERROR;
				CLANG_WARN__DUPLICATE_METHOD_MATCH = YES;
				CODE_SIGN_IDENTITY = "iPhone Developer: CHONGYANG CHEN (6CKWKTMF5V)";
				"CODE_SIGN_IDENTITY[sdk=iphoneos*]" = "iPhone Developer";
				COPY_PHASE_STRIP = YES;
				ENABLE_NS_ASSERTIONS = NO;
				GCC_C_LANGUAGE_STANDARD = gnu99;
				GCC_WARN_64_TO_32_BIT_CONVERSION = YES;
				GCC_WARN_ABOUT_RETURN_TYPE = YES_ERROR;
				GCC_WARN_UNDECLARED_SELECTOR = YES;
				GCC_WARN_UNINITIALIZED_AUTOS = YES;
				GCC_WARN_UNUSED_FUNCTION = YES;
				GCC_WARN_UNUSED_VARIABLE = YES;
				IPHONEOS_DEPLOYMENT_TARGET = 7.0;
				SDKROOT = iphoneos;
				VALIDATE_PRODUCT = YES;
			};
			name = Release;
		};
		1817C765188CBD68003AC430 /* Debug */ = {
			isa = XCBuildConfiguration;
			baseConfigurationReference = 18A58E259B5D4675AA37CCCC /* Pods.xcconfig */;
			buildSettings = {
				ASSETCATALOG_COMPILER_APPICON_NAME = AppIcon;
				ASSETCATALOG_COMPILER_LAUNCHIMAGE_NAME = LaunchImage;
				CODE_SIGN_IDENTITY = "iPhone Developer";
				"CODE_SIGN_IDENTITY[sdk=iphoneos*]" = "iPhone Developer";
				FRAMEWORK_SEARCH_PATHS = (
					"./**",
					"$(inherited)",
					/Users/apple/Developer/CitySpade/CitySpade,
				);
				GCC_PRECOMPILE_PREFIX_HEADER = YES;
				GCC_PREFIX_HEADER = "CitySpade/CitySpade-Prefix.pch";
				INFOPLIST_FILE = "CitySpade/CitySpade-Info.plist";
				LIBRARY_SEARCH_PATHS = (
					"$(inherited)",
					"$(FRANK_LIBRARY_SEARCH_PATHS)",
				);
				OTHER_LDFLAGS = (
					"$(inherited)",
					"-ObjC",
					"$(FRANK_LDFLAGS)",
				);
				PRODUCT_NAME = "$(TARGET_NAME)";
				PROVISIONING_PROFILE = "";
				WRAPPER_EXTENSION = app;
			};
			name = Debug;
		};
		1817C766188CBD68003AC430 /* Release */ = {
			isa = XCBuildConfiguration;
			baseConfigurationReference = 18A58E259B5D4675AA37CCCC /* Pods.xcconfig */;
			buildSettings = {
				ASSETCATALOG_COMPILER_APPICON_NAME = AppIcon;
				ASSETCATALOG_COMPILER_LAUNCHIMAGE_NAME = LaunchImage;
				CODE_SIGN_IDENTITY = "iPhone Developer";
				"CODE_SIGN_IDENTITY[sdk=iphoneos*]" = "iPhone Developer";
				FRAMEWORK_SEARCH_PATHS = (
					"./**",
					"$(inherited)",
					/Users/apple/Developer/CitySpade/CitySpade,
				);
				GCC_PRECOMPILE_PREFIX_HEADER = YES;
				GCC_PREFIX_HEADER = "CitySpade/CitySpade-Prefix.pch";
				INFOPLIST_FILE = "CitySpade/CitySpade-Info.plist";
				OTHER_LDFLAGS = "-ObjC";
				PRODUCT_NAME = "$(TARGET_NAME)";
				PROVISIONING_PROFILE = "";
				WRAPPER_EXTENSION = app;
			};
			name = Release;
		};
		1817C768188CBD68003AC430 /* Debug */ = {
			isa = XCBuildConfiguration;
			buildSettings = {
				BUNDLE_LOADER = "$(BUILT_PRODUCTS_DIR)/CitySpade.app/CitySpade";
				FRAMEWORK_SEARCH_PATHS = (
					"$(SDKROOT)/Developer/Library/Frameworks",
					"$(inherited)",
					"$(DEVELOPER_FRAMEWORKS_DIR)",
					/Users/apple/Developer/CitySpade/CitySpade,
				);
				GCC_PRECOMPILE_PREFIX_HEADER = YES;
				GCC_PREFIX_HEADER = "CitySpade/CitySpade-Prefix.pch";
				GCC_PREPROCESSOR_DEFINITIONS = (
					"DEBUG=1",
					"$(inherited)",
				);
				INFOPLIST_FILE = "CitySpadeTests/CitySpadeTests-Info.plist";
				PRODUCT_NAME = "$(TARGET_NAME)";
				TEST_HOST = "$(BUNDLE_LOADER)";
				WRAPPER_EXTENSION = xctest;
			};
			name = Debug;
		};
		1817C769188CBD68003AC430 /* Release */ = {
			isa = XCBuildConfiguration;
			buildSettings = {
				BUNDLE_LOADER = "$(BUILT_PRODUCTS_DIR)/CitySpade.app/CitySpade";
				FRAMEWORK_SEARCH_PATHS = (
					"$(SDKROOT)/Developer/Library/Frameworks",
					"$(inherited)",
					"$(DEVELOPER_FRAMEWORKS_DIR)",
					/Users/apple/Developer/CitySpade/CitySpade,
				);
				GCC_PRECOMPILE_PREFIX_HEADER = YES;
				GCC_PREFIX_HEADER = "CitySpade/CitySpade-Prefix.pch";
				INFOPLIST_FILE = "CitySpadeTests/CitySpadeTests-Info.plist";
				PRODUCT_NAME = "$(TARGET_NAME)";
				TEST_HOST = "$(BUNDLE_LOADER)";
				WRAPPER_EXTENSION = xctest;
			};
			name = Release;
		};
/* End XCBuildConfiguration section */

/* Begin XCConfigurationList section */
		1817C733188CBD68003AC430 /* Build configuration list for PBXProject "CitySpade" */ = {
			isa = XCConfigurationList;
			buildConfigurations = (
				1817C762188CBD68003AC430 /* Debug */,
				1817C763188CBD68003AC430 /* Release */,
			);
			defaultConfigurationIsVisible = 0;
			defaultConfigurationName = Release;
		};
		1817C764188CBD68003AC430 /* Build configuration list for PBXNativeTarget "CitySpade" */ = {
			isa = XCConfigurationList;
			buildConfigurations = (
				1817C765188CBD68003AC430 /* Debug */,
				1817C766188CBD68003AC430 /* Release */,
			);
			defaultConfigurationIsVisible = 0;
			defaultConfigurationName = Release;
		};
		1817C767188CBD68003AC430 /* Build configuration list for PBXNativeTarget "CitySpadeTests" */ = {
			isa = XCConfigurationList;
			buildConfigurations = (
				1817C768188CBD68003AC430 /* Debug */,
				1817C769188CBD68003AC430 /* Release */,
			);
			defaultConfigurationIsVisible = 0;
			defaultConfigurationName = Release;
		};
/* End XCConfigurationList section */
	};
	rootObject = 1817C730188CBD68003AC430 /* Project object */;
}
